// !$*UTF8*$!
{
	archiveVersion = 1;
	classes = {
	};
	objectVersion = 50;
	objects = {

/* Begin PBXBuildFile section */
		6B5B7535215B19EE00CDC9C6 /* AppDelegate.swift in Sources */ = {isa = PBXBuildFile; fileRef = 6B5B7534215B19EE00CDC9C6 /* AppDelegate.swift */; };
		6B5B7537215B19EE00CDC9C6 /* Document.swift in Sources */ = {isa = PBXBuildFile; fileRef = 6B5B7536215B19EE00CDC9C6 /* Document.swift */; };
		6B5B753A215B19EE00CDC9C6 /* Document.xib in Resources */ = {isa = PBXBuildFile; fileRef = 6B5B7538215B19EE00CDC9C6 /* Document.xib */; };
		6B5B753C215B19EF00CDC9C6 /* Assets.xcassets in Resources */ = {isa = PBXBuildFile; fileRef = 6B5B753B215B19EF00CDC9C6 /* Assets.xcassets */; };
		6B5B753F215B19EF00CDC9C6 /* MainMenu.xib in Resources */ = {isa = PBXBuildFile; fileRef = 6B5B753D215B19EF00CDC9C6 /* MainMenu.xib */; };
		6B5B7568215B1C0200CDC9C6 /* Logic.framework in Frameworks */ = {isa = PBXBuildFile; fileRef = 6B5B7567215B1C0200CDC9C6 /* Logic.framework */; };
		6B5B7569215B1C0200CDC9C6 /* Logic.framework in Embed Frameworks */ = {isa = PBXBuildFile; fileRef = 6B5B7567215B1C0200CDC9C6 /* Logic.framework */; settings = {ATTRIBUTES = (CodeSignOnCopy, RemoveHeadersOnCopy, ); }; };
		6B6F19C72304B2D800E5AC60 /* SwiftGraph.framework in Frameworks */ = {isa = PBXBuildFile; fileRef = 6B6F19C62304B2D800E5AC60 /* SwiftGraph.framework */; };
		6B6F19C92304B2E500E5AC60 /* SwiftGraph.framework in Embed Frameworks */ = {isa = PBXBuildFile; fileRef = 6B6F19C62304B2D800E5AC60 /* SwiftGraph.framework */; settings = {ATTRIBUTES = (CodeSignOnCopy, RemoveHeadersOnCopy, ); }; };
		6B6F19CA2304B2E700E5AC60 /* XMLCoder.framework in Frameworks */ = {isa = PBXBuildFile; fileRef = 6B6F19C42304B2CD00E5AC60 /* XMLCoder.framework */; };
		6B6F19CB2304B2E700E5AC60 /* XMLCoder.framework in Embed Frameworks */ = {isa = PBXBuildFile; fileRef = 6B6F19C42304B2CD00E5AC60 /* XMLCoder.framework */; settings = {ATTRIBUTES = (CodeSignOnCopy, RemoveHeadersOnCopy, ); }; };
		6B6F19DA230B506500E5AC60 /* Colors.framework in Frameworks */ = {isa = PBXBuildFile; fileRef = 6B6F19D8230B506000E5AC60 /* Colors.framework */; };
		6B6F19DB230B506500E5AC60 /* Colors.framework in Embed Frameworks */ = {isa = PBXBuildFile; fileRef = 6B6F19D8230B506000E5AC60 /* Colors.framework */; settings = {ATTRIBUTES = (CodeSignOnCopy, RemoveHeadersOnCopy, ); }; };
		6BF4EF5F2360D4C300548F61 /* Differ.framework in Frameworks */ = {isa = PBXBuildFile; fileRef = 6BF4EF5E2360D4C300548F61 /* Differ.framework */; };
		6BF4EF602360D4CA00548F61 /* Differ.framework in Embed Frameworks */ = {isa = PBXBuildFile; fileRef = 6BF4EF5E2360D4C300548F61 /* Differ.framework */; settings = {ATTRIBUTES = (CodeSignOnCopy, RemoveHeadersOnCopy, ); }; };
/* End PBXBuildFile section */

/* Begin PBXCopyFilesBuildPhase section */
		6B5B756A215B1C0200CDC9C6 /* Embed Frameworks */ = {
			isa = PBXCopyFilesBuildPhase;
			buildActionMask = 2147483647;
			dstPath = "";
			dstSubfolderSpec = 10;
			files = (
				6BF4EF602360D4CA00548F61 /* Differ.framework in Embed Frameworks */,
				6B5B7569215B1C0200CDC9C6 /* Logic.framework in Embed Frameworks */,
				6B6F19C92304B2E500E5AC60 /* SwiftGraph.framework in Embed Frameworks */,
				6B6F19DB230B506500E5AC60 /* Colors.framework in Embed Frameworks */,
				6B6F19CB2304B2E700E5AC60 /* XMLCoder.framework in Embed Frameworks */,
			);
			name = "Embed Frameworks";
			runOnlyForDeploymentPostprocessing = 0;
		};
/* End PBXCopyFilesBuildPhase section */

/* Begin PBXFileReference section */
		6B5B7531215B19ED00CDC9C6 /* TypeDesigner.app */ = {isa = PBXFileReference; explicitFileType = wrapper.application; includeInIndex = 0; path = TypeDesigner.app; sourceTree = BUILT_PRODUCTS_DIR; };
		6B5B7534215B19EE00CDC9C6 /* AppDelegate.swift */ = {isa = PBXFileReference; lastKnownFileType = sourcecode.swift; path = AppDelegate.swift; sourceTree = "<group>"; };
		6B5B7536215B19EE00CDC9C6 /* Document.swift */ = {isa = PBXFileReference; lastKnownFileType = sourcecode.swift; path = Document.swift; sourceTree = "<group>"; };
		6B5B7539215B19EE00CDC9C6 /* Base */ = {isa = PBXFileReference; lastKnownFileType = file.xib; name = Base; path = Base.lproj/Document.xib; sourceTree = "<group>"; };
		6B5B753B215B19EF00CDC9C6 /* Assets.xcassets */ = {isa = PBXFileReference; lastKnownFileType = folder.assetcatalog; path = Assets.xcassets; sourceTree = "<group>"; };
		6B5B753E215B19EF00CDC9C6 /* Base */ = {isa = PBXFileReference; lastKnownFileType = file.xib; name = Base; path = Base.lproj/MainMenu.xib; sourceTree = "<group>"; };
		6B5B7540215B19EF00CDC9C6 /* Info.plist */ = {isa = PBXFileReference; lastKnownFileType = text.plist.xml; path = Info.plist; sourceTree = "<group>"; };
		6B5B7541215B19EF00CDC9C6 /* TypeDesigner.entitlements */ = {isa = PBXFileReference; lastKnownFileType = text.plist.entitlements; path = TypeDesigner.entitlements; sourceTree = "<group>"; };
		6B5B7567215B1C0200CDC9C6 /* Logic.framework */ = {isa = PBXFileReference; explicitFileType = wrapper.framework; path = Logic.framework; sourceTree = BUILT_PRODUCTS_DIR; };
		6B6F19C42304B2CD00E5AC60 /* XMLCoder.framework */ = {isa = PBXFileReference; lastKnownFileType = wrapper.framework; name = XMLCoder.framework; path = Carthage/Build/Mac/XMLCoder.framework; sourceTree = "<group>"; };
		6B6F19C62304B2D800E5AC60 /* SwiftGraph.framework */ = {isa = PBXFileReference; lastKnownFileType = wrapper.framework; name = SwiftGraph.framework; path = ../Carthage/Build/Mac/SwiftGraph.framework; sourceTree = "<group>"; };
		6B6F19D8230B506000E5AC60 /* Colors.framework */ = {isa = PBXFileReference; lastKnownFileType = wrapper.framework; name = Colors.framework; path = ../Carthage/Build/Mac/Colors.framework; sourceTree = "<group>"; };
		6BF4EF5E2360D4C300548F61 /* Differ.framework */ = {isa = PBXFileReference; lastKnownFileType = wrapper.framework; name = Differ.framework; path = ../Carthage/Build/Mac/Differ.framework; sourceTree = "<group>"; };
/* End PBXFileReference section */

/* Begin PBXFrameworksBuildPhase section */
		6B5B752E215B19ED00CDC9C6 /* Frameworks */ = {
			isa = PBXFrameworksBuildPhase;
			buildActionMask = 2147483647;
			files = (
				6B6F19C72304B2D800E5AC60 /* SwiftGraph.framework in Frameworks */,
				6BF4EF5F2360D4C300548F61 /* Differ.framework in Frameworks */,
				6B6F19CA2304B2E700E5AC60 /* XMLCoder.framework in Frameworks */,
				6B6F19DA230B506500E5AC60 /* Colors.framework in Frameworks */,
				6B5B7568215B1C0200CDC9C6 /* Logic.framework in Frameworks */,
			);
			runOnlyForDeploymentPostprocessing = 0;
		};
/* End PBXFrameworksBuildPhase section */

/* Begin PBXGroup section */
		6B5B7528215B19ED00CDC9C6 = {
			isa = PBXGroup;
			children = (
				6B6F19D8230B506000E5AC60 /* Colors.framework */,
				6BF4EF5E2360D4C300548F61 /* Differ.framework */,
				6B6F19C62304B2D800E5AC60 /* SwiftGraph.framework */,
				6B5B7567215B1C0200CDC9C6 /* Logic.framework */,
				6B6F19C42304B2CD00E5AC60 /* XMLCoder.framework */,
				6B5B7533215B19ED00CDC9C6 /* TypeDesigner */,
				6B5B7532215B19ED00CDC9C6 /* Products */,
				6B6F19B62304B00800E5AC60 /* Frameworks */,
			);
			sourceTree = "<group>";
		};
		6B5B7532215B19ED00CDC9C6 /* Products */ = {
			isa = PBXGroup;
			children = (
				6B5B7531215B19ED00CDC9C6 /* TypeDesigner.app */,
			);
			name = Products;
			sourceTree = "<group>";
		};
		6B5B7533215B19ED00CDC9C6 /* TypeDesigner */ = {
			isa = PBXGroup;
			children = (
				6B5B7541215B19EF00CDC9C6 /* TypeDesigner.entitlements */,
				6B5B7540215B19EF00CDC9C6 /* Info.plist */,
				6B5B7534215B19EE00CDC9C6 /* AppDelegate.swift */,
				6B5B7536215B19EE00CDC9C6 /* Document.swift */,
				6B5B753B215B19EF00CDC9C6 /* Assets.xcassets */,
				6B5B7538215B19EE00CDC9C6 /* Document.xib */,
				6B5B753D215B19EF00CDC9C6 /* MainMenu.xib */,
			);
			path = TypeDesigner;
			sourceTree = "<group>";
		};
		6B6F19B62304B00800E5AC60 /* Frameworks */ = {
			isa = PBXGroup;
			children = (
			);
			name = Frameworks;
			sourceTree = "<group>";
		};
/* End PBXGroup section */

/* Begin PBXNativeTarget section */
		6B5B7530215B19ED00CDC9C6 /* TypeDesigner */ = {
			isa = PBXNativeTarget;
			buildConfigurationList = 6B5B7544215B19EF00CDC9C6 /* Build configuration list for PBXNativeTarget "TypeDesigner" */;
			buildPhases = (
				6B5B752D215B19ED00CDC9C6 /* Sources */,
				6B5B752E215B19ED00CDC9C6 /* Frameworks */,
				6B5B752F215B19ED00CDC9C6 /* Resources */,
				6B5B756A215B1C0200CDC9C6 /* Embed Frameworks */,
			);
			buildRules = (
			);
			dependencies = (
			);
			name = TypeDesigner;
			productName = TypeDesigner;
			productReference = 6B5B7531215B19ED00CDC9C6 /* TypeDesigner.app */;
			productType = "com.apple.product-type.application";
		};
/* End PBXNativeTarget section */

/* Begin PBXProject section */
		6B5B7529215B19ED00CDC9C6 /* Project object */ = {
			isa = PBXProject;
			attributes = {
				LastSwiftUpdateCheck = 1000;
				LastUpgradeCheck = 1000;
				ORGANIZATIONNAME = "BitDisco, Inc";
				TargetAttributes = {
					6B5B7530215B19ED00CDC9C6 = {
						CreatedOnToolsVersion = 10.0;
						LastSwiftMigration = 1020;
					};
				};
			};
			buildConfigurationList = 6B5B752C215B19ED00CDC9C6 /* Build configuration list for PBXProject "TypeDesigner" */;
			compatibilityVersion = "Xcode 9.3";
			developmentRegion = en;
			hasScannedForEncodings = 0;
			knownRegions = (
				en,
				Base,
			);
			mainGroup = 6B5B7528215B19ED00CDC9C6;
			productRefGroup = 6B5B7532215B19ED00CDC9C6 /* Products */;
			projectDirPath = "";
			projectRoot = "";
			targets = (
				6B5B7530215B19ED00CDC9C6 /* TypeDesigner */,
			);
		};
/* End PBXProject section */

/* Begin PBXResourcesBuildPhase section */
		6B5B752F215B19ED00CDC9C6 /* Resources */ = {
			isa = PBXResourcesBuildPhase;
			buildActionMask = 2147483647;
			files = (
				6B5B753C215B19EF00CDC9C6 /* Assets.xcassets in Resources */,
				6B5B753A215B19EE00CDC9C6 /* Document.xib in Resources */,
				6B5B753F215B19EF00CDC9C6 /* MainMenu.xib in Resources */,
			);
			runOnlyForDeploymentPostprocessing = 0;
		};
/* End PBXResourcesBuildPhase section */

/* Begin PBXSourcesBuildPhase section */
		6B5B752D215B19ED00CDC9C6 /* Sources */ = {
			isa = PBXSourcesBuildPhase;
			buildActionMask = 2147483647;
			files = (
				6B5B7537215B19EE00CDC9C6 /* Document.swift in Sources */,
				6B5B7535215B19EE00CDC9C6 /* AppDelegate.swift in Sources */,
			);
			runOnlyForDeploymentPostprocessing = 0;
		};
/* End PBXSourcesBuildPhase section */

/* Begin PBXVariantGroup section */
		6B5B7538215B19EE00CDC9C6 /* Document.xib */ = {
			isa = PBXVariantGroup;
			children = (
				6B5B7539215B19EE00CDC9C6 /* Base */,
			);
			name = Document.xib;
			sourceTree = "<group>";
		};
		6B5B753D215B19EF00CDC9C6 /* MainMenu.xib */ = {
			isa = PBXVariantGroup;
			children = (
				6B5B753E215B19EF00CDC9C6 /* Base */,
			);
			name = MainMenu.xib;
			sourceTree = "<group>";
		};
/* End PBXVariantGroup section */

/* Begin XCBuildConfiguration section */
		6B5B7542215B19EF00CDC9C6 /* Debug */ = {
			isa = XCBuildConfiguration;
			buildSettings = {
				ALWAYS_SEARCH_USER_PATHS = NO;
				CLANG_ANALYZER_NONNULL = YES;
				CLANG_ANALYZER_NUMBER_OBJECT_CONVERSION = YES_AGGRESSIVE;
				CLANG_CXX_LANGUAGE_STANDARD = "gnu++14";
				CLANG_CXX_LIBRARY = "libc++";
				CLANG_ENABLE_MODULES = YES;
				CLANG_ENABLE_OBJC_ARC = YES;
				CLANG_ENABLE_OBJC_WEAK = YES;
				CLANG_WARN_BLOCK_CAPTURE_AUTORELEASING = YES;
				CLANG_WARN_BOOL_CONVERSION = YES;
				CLANG_WARN_COMMA = YES;
				CLANG_WARN_CONSTANT_CONVERSION = YES;
				CLANG_WARN_DEPRECATED_OBJC_IMPLEMENTATIONS = YES;
				CLANG_WARN_DIRECT_OBJC_ISA_USAGE = YES_ERROR;
				CLANG_WARN_DOCUMENTATION_COMMENTS = YES;
				CLANG_WARN_EMPTY_BODY = YES;
				CLANG_WARN_ENUM_CONVERSION = YES;
				CLANG_WARN_INFINITE_RECURSION = YES;
				CLANG_WARN_INT_CONVERSION = YES;
				CLANG_WARN_NON_LITERAL_NULL_CONVERSION = YES;
				CLANG_WARN_OBJC_IMPLICIT_RETAIN_SELF = YES;
				CLANG_WARN_OBJC_LITERAL_CONVERSION = YES;
				CLANG_WARN_OBJC_ROOT_CLASS = YES_ERROR;
				CLANG_WARN_RANGE_LOOP_ANALYSIS = YES;
				CLANG_WARN_STRICT_PROTOTYPES = YES;
				CLANG_WARN_SUSPICIOUS_MOVE = YES;
				CLANG_WARN_UNGUARDED_AVAILABILITY = YES_AGGRESSIVE;
				CLANG_WARN_UNREACHABLE_CODE = YES;
				CLANG_WARN__DUPLICATE_METHOD_MATCH = YES;
				CODE_SIGN_IDENTITY = "Mac Developer";
				COPY_PHASE_STRIP = NO;
				DEBUG_INFORMATION_FORMAT = dwarf;
				ENABLE_STRICT_OBJC_MSGSEND = YES;
				ENABLE_TESTABILITY = YES;
				GCC_C_LANGUAGE_STANDARD = gnu11;
				GCC_DYNAMIC_NO_PIC = NO;
				GCC_NO_COMMON_BLOCKS = YES;
				GCC_OPTIMIZATION_LEVEL = 0;
				GCC_PREPROCESSOR_DEFINITIONS = (
					"DEBUG=1",
					"$(inherited)",
				);
				GCC_WARN_64_TO_32_BIT_CONVERSION = YES;
				GCC_WARN_ABOUT_RETURN_TYPE = YES_ERROR;
				GCC_WARN_UNDECLARED_SELECTOR = YES;
				GCC_WARN_UNINITIALIZED_AUTOS = YES_AGGRESSIVE;
				GCC_WARN_UNUSED_FUNCTION = YES;
				GCC_WARN_UNUSED_VARIABLE = YES;
				MACOSX_DEPLOYMENT_TARGET = 10.13;
				MTL_ENABLE_DEBUG_INFO = INCLUDE_SOURCE;
				MTL_FAST_MATH = YES;
				ONLY_ACTIVE_ARCH = YES;
				SDKROOT = macosx;
				SWIFT_ACTIVE_COMPILATION_CONDITIONS = DEBUG;
				SWIFT_OPTIMIZATION_LEVEL = "-Onone";
			};
			name = Debug;
		};
		6B5B7543215B19EF00CDC9C6 /* Release */ = {
			isa = XCBuildConfiguration;
			buildSettings = {
				ALWAYS_SEARCH_USER_PATHS = NO;
				CLANG_ANALYZER_NONNULL = YES;
				CLANG_ANALYZER_NUMBER_OBJECT_CONVERSION = YES_AGGRESSIVE;
				CLANG_CXX_LANGUAGE_STANDARD = "gnu++14";
				CLANG_CXX_LIBRARY = "libc++";
				CLANG_ENABLE_MODULES = YES;
				CLANG_ENABLE_OBJC_ARC = YES;
				CLANG_ENABLE_OBJC_WEAK = YES;
				CLANG_WARN_BLOCK_CAPTURE_AUTORELEASING = YES;
				CLANG_WARN_BOOL_CONVERSION = YES;
				CLANG_WARN_COMMA = YES;
				CLANG_WARN_CONSTANT_CONVERSION = YES;
				CLANG_WARN_DEPRECATED_OBJC_IMPLEMENTATIONS = YES;
				CLANG_WARN_DIRECT_OBJC_ISA_USAGE = YES_ERROR;
				CLANG_WARN_DOCUMENTATION_COMMENTS = YES;
				CLANG_WARN_EMPTY_BODY = YES;
				CLANG_WARN_ENUM_CONVERSION = YES;
				CLANG_WARN_INFINITE_RECURSION = YES;
				CLANG_WARN_INT_CONVERSION = YES;
				CLANG_WARN_NON_LITERAL_NULL_CONVERSION = YES;
				CLANG_WARN_OBJC_IMPLICIT_RETAIN_SELF = YES;
				CLANG_WARN_OBJC_LITERAL_CONVERSION = YES;
				CLANG_WARN_OBJC_ROOT_CLASS = YES_ERROR;
				CLANG_WARN_RANGE_LOOP_ANALYSIS = YES;
				CLANG_WARN_STRICT_PROTOTYPES = YES;
				CLANG_WARN_SUSPICIOUS_MOVE = YES;
				CLANG_WARN_UNGUARDED_AVAILABILITY = YES_AGGRESSIVE;
				CLANG_WARN_UNREACHABLE_CODE = YES;
				CLANG_WARN__DUPLICATE_METHOD_MATCH = YES;
				CODE_SIGN_IDENTITY = "Mac Developer";
				COPY_PHASE_STRIP = NO;
				DEBUG_INFORMATION_FORMAT = "dwarf-with-dsym";
				ENABLE_NS_ASSERTIONS = NO;
				ENABLE_STRICT_OBJC_MSGSEND = YES;
				GCC_C_LANGUAGE_STANDARD = gnu11;
				GCC_NO_COMMON_BLOCKS = YES;
				GCC_WARN_64_TO_32_BIT_CONVERSION = YES;
				GCC_WARN_ABOUT_RETURN_TYPE = YES_ERROR;
				GCC_WARN_UNDECLARED_SELECTOR = YES;
				GCC_WARN_UNINITIALIZED_AUTOS = YES_AGGRESSIVE;
				GCC_WARN_UNUSED_FUNCTION = YES;
				GCC_WARN_UNUSED_VARIABLE = YES;
				MACOSX_DEPLOYMENT_TARGET = 10.13;
				MTL_ENABLE_DEBUG_INFO = NO;
				MTL_FAST_MATH = YES;
				SDKROOT = macosx;
				SWIFT_COMPILATION_MODE = wholemodule;
				SWIFT_OPTIMIZATION_LEVEL = "-O";
			};
			name = Release;
		};
		6B5B7545215B19EF00CDC9C6 /* Debug */ = {
			isa = XCBuildConfiguration;
			buildSettings = {
				ASSETCATALOG_COMPILER_APPICON_NAME = AppIcon;
				CODE_SIGN_ENTITLEMENTS = TypeDesigner/TypeDesigner.entitlements;
				CODE_SIGN_STYLE = Automatic;
				COMBINE_HIDPI_IMAGES = YES;
				DEVELOPMENT_TEAM = CV2RHZWPY9;
				FRAMEWORK_SEARCH_PATHS = (
					"$(inherited)",
					"$(PROJECT_DIR)/Carthage/Build/Mac",
					"$(PROJECT_DIR)/../Carthage/Build/Mac",
				);
				INFOPLIST_FILE = TypeDesigner/Info.plist;
				LD_RUNPATH_SEARCH_PATHS = (
					"$(inherited)",
					"@executable_path/../Frameworks",
				);
				MACOSX_DEPLOYMENT_TARGET = 10.14;
				PRODUCT_BUNDLE_IDENTIFIER = com.devinabbott.TypeDesigner;
				PRODUCT_NAME = "$(TARGET_NAME)";
				SWIFT_VERSION = 5.0;
			};
			name = Debug;
		};
		6B5B7546215B19EF00CDC9C6 /* Release */ = {
			isa = XCBuildConfiguration;
			buildSettings = {
				ASSETCATALOG_COMPILER_APPICON_NAME = AppIcon;
				CODE_SIGN_ENTITLEMENTS = TypeDesigner/TypeDesigner.entitlements;
				CODE_SIGN_STYLE = Automatic;
				COMBINE_HIDPI_IMAGES = YES;
				DEVELOPMENT_TEAM = CV2RHZWPY9;
				FRAMEWORK_SEARCH_PATHS = (
					"$(inherited)",
					"$(PROJECT_DIR)/Carthage/Build/Mac",
					"$(PROJECT_DIR)/../Carthage/Build/Mac",
				);
				INFOPLIST_FILE = TypeDesigner/Info.plist;
				LD_RUNPATH_SEARCH_PATHS = (
					"$(inherited)",
					"@executable_path/../Frameworks",
				);
				MACOSX_DEPLOYMENT_TARGET = 10.14;
				PRODUCT_BUNDLE_IDENTIFIER = com.devinabbott.TypeDesigner;
				PRODUCT_NAME = "$(TARGET_NAME)";
				SWIFT_VERSION = 5.0;
			};
			name = Release;
		};
/* End XCBuildConfiguration section */

/* Begin XCConfigurationList section */
		6B5B752C215B19ED00CDC9C6 /* Build configuration list for PBXProject "TypeDesigner" */ = {
			isa = XCConfigurationList;
			buildConfigurations = (
				6B5B7542215B19EF00CDC9C6 /* Debug */,
				6B5B7543215B19EF00CDC9C6 /* Release */,
			);
			defaultConfigurationIsVisible = 0;
			defaultConfigurationName = Release;
		};
		6B5B7544215B19EF00CDC9C6 /* Build configuration list for PBXNativeTarget "TypeDesigner" */ = {
			isa = XCConfigurationList;
			buildConfigurations = (
				6B5B7545215B19EF00CDC9C6 /* Debug */,
				6B5B7546215B19EF00CDC9C6 /* Release */,
			);
			defaultConfigurationIsVisible = 0;
			defaultConfigurationName = Release;
		};
/* End XCConfigurationList section */
	};
	rootObject = 6B5B7529215B19ED00CDC9C6 /* Project object */;
}
