// !$*UTF8*$!
{
	archiveVersion = 1;
	classes = {
	};
	objectVersion = 50;
	objects = {

/* Begin PBXBuildFile section */
		6B00CA31232841F6001907C6 /* TextBlockView.swift in Sources */ = {isa = PBXBuildFile; fileRef = 6B00CA30232841F6001907C6 /* TextBlockView.swift */; };
		6B00CA35232847E1001907C6 /* ControlledTextField.swift in Sources */ = {isa = PBXBuildFile; fileRef = 6B00CA34232847E1001907C6 /* ControlledTextField.swift */; };
		6B00CA3823285296001907C6 /* InlineToolbarWindow.swift in Sources */ = {isa = PBXBuildFile; fileRef = 6B00CA3723285296001907C6 /* InlineToolbarWindow.swift */; };
		6B00CA3A2328565C001907C6 /* InlineToolbar.swift in Sources */ = {isa = PBXBuildFile; fileRef = 6B00CA392328565C001907C6 /* InlineToolbar.swift */; };
		6B00CA3C2329C247001907C6 /* InlineTextTrait.swift in Sources */ = {isa = PBXBuildFile; fileRef = 6B00CA3B2329C247001907C6 /* InlineTextTrait.swift */; };
		6B00CA3E232AA3C4001907C6 /* OverlayWindow.swift in Sources */ = {isa = PBXBuildFile; fileRef = 6B00CA3D232AA3C4001907C6 /* OverlayWindow.swift */; };
		6B00CA40232B0091001907C6 /* BlockEditor.swift in Sources */ = {isa = PBXBuildFile; fileRef = 6B00CA3F232B0091001907C6 /* BlockEditor.swift */; };
		6B00CA44232B1AF8001907C6 /* LightMark+String.swift in Sources */ = {isa = PBXBuildFile; fileRef = 6B00CA43232B1AF8001907C6 /* LightMark+String.swift */; };
		6B00CA46232BEB1F001907C6 /* BlockListView.swift in Sources */ = {isa = PBXBuildFile; fileRef = 6B00CA45232BEB1F001907C6 /* BlockListView.swift */; };
		6B00CA48232C280B001907C6 /* Differ.framework in Frameworks */ = {isa = PBXBuildFile; fileRef = 6B00CA47232C280B001907C6 /* Differ.framework */; };
		6B00CA52232D797A001907C6 /* AttributedTextView.swift in Sources */ = {isa = PBXBuildFile; fileRef = 6B00CA51232D797A001907C6 /* AttributedTextView.swift */; };
		6B0F945C233E904B007C115E /* DividerBlock.swift in Sources */ = {isa = PBXBuildFile; fileRef = 6B0F945B233E904B007C115E /* DividerBlock.swift */; };
		6B0F945E233E9C81007C115E /* ImageBlock.swift in Sources */ = {isa = PBXBuildFile; fileRef = 6B0F945D233E9C80007C115E /* ImageBlock.swift */; };
		6B0F9460233E9CD5007C115E /* EditableBlock.swift in Sources */ = {isa = PBXBuildFile; fileRef = 6B0F945F233E9CD5007C115E /* EditableBlock.swift */; };
		6B0F9462233EA0EE007C115E /* OverflowMenuButton.swift in Sources */ = {isa = PBXBuildFile; fileRef = 6B0F9461233EA0EE007C115E /* OverflowMenuButton.swift */; };
		6B0F9465233EBBE9007C115E /* menu-thumbnail-divider.png in Resources */ = {isa = PBXBuildFile; fileRef = 6B0F9463233EBBE9007C115E /* menu-thumbnail-divider.png */; };
		6B0F9466233EBBE9007C115E /* menu-thumbnail-image.png in Resources */ = {isa = PBXBuildFile; fileRef = 6B0F9464233EBBE9007C115E /* menu-thumbnail-image.png */; };
		6B10AC1C22A45FD00043E46A /* LogicValue+AppKit.swift in Sources */ = {isa = PBXBuildFile; fileRef = 6B10AC1B22A45FD00043E46A /* LogicValue+AppKit.swift */; };
		6B10AC1E22A45FFB0043E46A /* LogicValue.swift in Sources */ = {isa = PBXBuildFile; fileRef = 6B10AC1D22A45FFB0043E46A /* LogicValue.swift */; };
		6B10AC2022A461B90043E46A /* Unification+Core.swift in Sources */ = {isa = PBXBuildFile; fileRef = 6B10AC1F22A461B90043E46A /* Unification+Core.swift */; };
		6B10AC2222A462630043E46A /* LogicValue+Core.swift in Sources */ = {isa = PBXBuildFile; fileRef = 6B10AC2122A462630043E46A /* LogicValue+Core.swift */; };
		6B1BFC772322CEE10060FD13 /* Tooltip.swift in Sources */ = {isa = PBXBuildFile; fileRef = 6B1BFC762322CEE10060FD13 /* Tooltip.swift */; };
		6B1DE40522DAB9BE00FC565E /* LightMark.swift in Sources */ = {isa = PBXBuildFile; fileRef = 6B1DE40422DAB9BE00FC565E /* LightMark.swift */; };
		6B2484F023398E50000C5C9F /* MarkdownFile.swift in Sources */ = {isa = PBXBuildFile; fileRef = 6B2484EF23398E50000C5C9F /* MarkdownFile.swift */; };
		6B34148D225417F800CC65D1 /* JavaScript.swift in Sources */ = {isa = PBXBuildFile; fileRef = 6B34148C225417F800CC65D1 /* JavaScript.swift */; };
		6B34148F225418D800CC65D1 /* lona-serialization.umd.js in Resources */ = {isa = PBXBuildFile; fileRef = 6B34148E225418D800CC65D1 /* lona-serialization.umd.js */; };
		6B3414912254366C00CC65D1 /* LogicFile.swift in Sources */ = {isa = PBXBuildFile; fileRef = 6B3414902254366C00CC65D1 /* LogicFile.swift */; };
		6B34149322554A5500CC65D1 /* LGCSyntax+Init.swift in Sources */ = {isa = PBXBuildFile; fileRef = 6B34149222554A5500CC65D1 /* LGCSyntax+Init.swift */; };
		6B3414992256ECD900CC65D1 /* Assets.xcassets in Resources */ = {isa = PBXBuildFile; fileRef = 6B3414982256ECD900CC65D1 /* Assets.xcassets */; };
		6B34149B2256EF2F00CC65D1 /* BundleLocator.swift in Sources */ = {isa = PBXBuildFile; fileRef = 6B34149A2256EF2F00CC65D1 /* BundleLocator.swift */; };
		6B3414A02258154500CC65D1 /* SyntaxNodePlaceholdable.swift in Sources */ = {isa = PBXBuildFile; fileRef = 6B34149F2258154500CC65D1 /* SyntaxNodePlaceholdable.swift */; };
		6B3414A222593E2000CC65D1 /* Array+Union.swift in Sources */ = {isa = PBXBuildFile; fileRef = 6B3414A122593E2000CC65D1 /* Array+Union.swift */; };
		6B3414B6225D68E100CC65D1 /* ColorRow.swift in Sources */ = {isa = PBXBuildFile; fileRef = 6B3414B5225D68E000CC65D1 /* ColorRow.swift */; };
		6B396128231DD5E400F27CB8 /* NSBezierPath+Plus.swift in Sources */ = {isa = PBXBuildFile; fileRef = 6B396127231DD5E400F27CB8 /* NSBezierPath+Plus.swift */; };
		6B39612A2321C39100F27CB8 /* SyntaxNodeContext.swift in Sources */ = {isa = PBXBuildFile; fileRef = 6B3961292321C39100F27CB8 /* SyntaxNodeContext.swift */; };
		6B39612C2321CDA900F27CB8 /* FormatterContext.swift in Sources */ = {isa = PBXBuildFile; fileRef = 6B39612B2321CDA900F27CB8 /* FormatterContext.swift */; };
		6B4218B4223C2E440060CC9A /* Formatter+LogicElement.swift in Sources */ = {isa = PBXBuildFile; fileRef = 6B4218B3223C2E440060CC9A /* Formatter+LogicElement.swift */; };
		6B4218B7223D82B10060CC9A /* NSOutlineView+Dragging.swift in Sources */ = {isa = PBXBuildFile; fileRef = 6B4218B6223D82B10060CC9A /* NSOutlineView+Dragging.swift */; };
		6B4218CC223EEEAD0060CC9A /* LGCList+SyntaxNode.swift in Sources */ = {isa = PBXBuildFile; fileRef = 6B4218CB223EEEAD0060CC9A /* LGCList+SyntaxNode.swift */; };
		6B44759D22AED136009AE087 /* InfoBar.swift in Sources */ = {isa = PBXBuildFile; fileRef = 6B44759C22AED136009AE087 /* InfoBar.swift */; };
		6B44759F22AED58E009AE087 /* Divider.swift in Sources */ = {isa = PBXBuildFile; fileRef = 6B44759E22AED58E009AE087 /* Divider.swift */; };
		6B44E144223B3D9000740318 /* LightMark+AppKit.swift in Sources */ = {isa = PBXBuildFile; fileRef = 6B44E141223B3D2200740318 /* LightMark+AppKit.swift */; };
		6B44E152223B3DD000740318 /* CGSize+Resizing.swift in Sources */ = {isa = PBXBuildFile; fileRef = 6B44E145223B3DB700740318 /* CGSize+Resizing.swift */; };
		6B44E153223B3DD000740318 /* Colors.swift in Sources */ = {isa = PBXBuildFile; fileRef = 6B44E146223B3DB700740318 /* Colors.swift */; };
		6B44E154223B3DD000740318 /* LNAImageView.swift in Sources */ = {isa = PBXBuildFile; fileRef = 6B44E147223B3DB700740318 /* LNAImageView.swift */; };
		6B44E155223B3DD000740318 /* LNATextField.swift in Sources */ = {isa = PBXBuildFile; fileRef = 6B44E148223B3DB700740318 /* LNATextField.swift */; };
		6B44E156223B3DD000740318 /* LonaViewModel.swift in Sources */ = {isa = PBXBuildFile; fileRef = 6B44E149223B3DB700740318 /* LonaViewModel.swift */; };
		6B44E157223B3DD000740318 /* NSImage+Resizing.swift in Sources */ = {isa = PBXBuildFile; fileRef = 6B44E14A223B3DB700740318 /* NSImage+Resizing.swift */; };
		6B44E158223B3DD000740318 /* Shadows.swift in Sources */ = {isa = PBXBuildFile; fileRef = 6B44E14B223B3DB700740318 /* Shadows.swift */; };
		6B44E159223B3DD000740318 /* TextStyles.swift in Sources */ = {isa = PBXBuildFile; fileRef = 6B44E14C223B3DB700740318 /* TextStyles.swift */; };
		6B44E15A223B3DDA00740318 /* SuggestionView.swift in Sources */ = {isa = PBXBuildFile; fileRef = 6B44E14D223B3DB700740318 /* SuggestionView.swift */; };
		6B44E15B223B3DDA00740318 /* ResultRow.swift in Sources */ = {isa = PBXBuildFile; fileRef = 6B44E14E223B3DB700740318 /* ResultRow.swift */; };
		6B44E15C223B3DDA00740318 /* ResultSectionHeader.swift in Sources */ = {isa = PBXBuildFile; fileRef = 6B44E14F223B3DB700740318 /* ResultSectionHeader.swift */; };
		6B44E15E223B3DF300740318 /* TextStyle.swift in Sources */ = {isa = PBXBuildFile; fileRef = 6B44E15D223B3DF300740318 /* TextStyle.swift */; };
		6B44E160223B3DFF00740318 /* ForeignTypes.swift in Sources */ = {isa = PBXBuildFile; fileRef = 6B44E15F223B3DFF00740318 /* ForeignTypes.swift */; };
		6B44E164223B3E3C00740318 /* ControlledSearchInput.swift in Sources */ = {isa = PBXBuildFile; fileRef = 6B44E161223B3E2C00740318 /* ControlledSearchInput.swift */; };
		6B44E165223B3E3C00740318 /* ControlledDropdown.swift in Sources */ = {isa = PBXBuildFile; fileRef = 6B44E162223B3E2C00740318 /* ControlledDropdown.swift */; };
		6B44E16B223B3E9E00740318 /* SuggestionListView.swift in Sources */ = {isa = PBXBuildFile; fileRef = 6B44E168223B3E9E00740318 /* SuggestionListView.swift */; };
		6B44E16D223B3E9E00740318 /* SuggestionDetailView.swift in Sources */ = {isa = PBXBuildFile; fileRef = 6B44E16A223B3E9E00740318 /* SuggestionDetailView.swift */; };
		6B44E177223B40BA00740318 /* LogicCanvasView.swift in Sources */ = {isa = PBXBuildFile; fileRef = 6B44E172223B40AF00740318 /* LogicCanvasView.swift */; };
		6B44E178223B40BA00740318 /* LogicElement.swift in Sources */ = {isa = PBXBuildFile; fileRef = 6B44E173223B40AF00740318 /* LogicElement.swift */; };
		6B44E17A223B40BA00740318 /* LogicMeasuredElement.swift in Sources */ = {isa = PBXBuildFile; fileRef = 6B44E175223B40AF00740318 /* LogicMeasuredElement.swift */; };
		6B44E17B223B40BD00740318 /* Formatter.swift in Sources */ = {isa = PBXBuildFile; fileRef = 6B44E170223B406800740318 /* Formatter.swift */; };
		6B44E184223B40CF00740318 /* LGCList+Sequence.swift in Sources */ = {isa = PBXBuildFile; fileRef = 6B44E17C223B40C900740318 /* LGCList+Sequence.swift */; };
		6B44E185223B40CF00740318 /* LGCSyntax.swift in Sources */ = {isa = PBXBuildFile; fileRef = 6B44E17D223B40C900740318 /* LGCSyntax.swift */; };
		6B44E186223B40CF00740318 /* LGCSyntax+Documentation.swift in Sources */ = {isa = PBXBuildFile; fileRef = 6B44E17E223B40C900740318 /* LGCSyntax+Documentation.swift */; };
		6B44E189223B40CF00740318 /* LGCSyntax+Suggestions.swift in Sources */ = {isa = PBXBuildFile; fileRef = 6B44E181223B40C900740318 /* LGCSyntax+Suggestions.swift */; };
		6B44E18A223B40CF00740318 /* SyntaxNodeProtocol.swift in Sources */ = {isa = PBXBuildFile; fileRef = 6B44E182223B40C900740318 /* SyntaxNodeProtocol.swift */; };
		6B44E18C223B40F100740318 /* SuggestionWindow.swift in Sources */ = {isa = PBXBuildFile; fileRef = 6B44E18B223B40F100740318 /* SuggestionWindow.swift */; };
		6B44E18E223B411C00740318 /* NSBezierPath+Polygon.swift in Sources */ = {isa = PBXBuildFile; fileRef = 6B44E18D223B411B00740318 /* NSBezierPath+Polygon.swift */; };
		6B44E190223B494600740318 /* LogicEditor.swift in Sources */ = {isa = PBXBuildFile; fileRef = 6B44E18F223B494600740318 /* LogicEditor.swift */; };
		6B44E192223C0F6000740318 /* SuggestionListItem.swift in Sources */ = {isa = PBXBuildFile; fileRef = 6B44E191223C0F6000740318 /* SuggestionListItem.swift */; };
		6B44E194223C146400740318 /* Formatter+Test.swift in Sources */ = {isa = PBXBuildFile; fileRef = 6B44E193223C146400740318 /* Formatter+Test.swift */; };
		6B4E25FE22E7A55000F0076A /* TextStyle.logic in Resources */ = {isa = PBXBuildFile; fileRef = 6B4E25FD22E7A55000F0076A /* TextStyle.logic */; };
		6B4E260022E7B27000F0076A /* Color.logic in Resources */ = {isa = PBXBuildFile; fileRef = 6B4E25FF22E7B27000F0076A /* Color.logic */; };
		6B4E260222E7B39500F0076A /* Shadow.logic in Resources */ = {isa = PBXBuildFile; fileRef = 6B4E260122E7B39500F0076A /* Shadow.logic */; };
		6B5A6AC622FB49BB00CA004E /* NSColor+Parsing.swift in Sources */ = {isa = PBXBuildFile; fileRef = 6B5A6AC522FB49BB00CA004E /* NSColor+Parsing.swift */; };
		6B5B7522215B198400CDC9C6 /* Logic.h in Headers */ = {isa = PBXBuildFile; fileRef = 6B5B7520215B198400CDC9C6 /* Logic.h */; settings = {ATTRIBUTES = (Public, ); }; };
		6B5B755E215B1ABE00CDC9C6 /* TypeListRowView.swift in Sources */ = {isa = PBXBuildFile; fileRef = 6B5B7554215B1ABE00CDC9C6 /* TypeListRowView.swift */; };
		6B5B755F215B1ABE00CDC9C6 /* TypeListHeaderView.swift in Sources */ = {isa = PBXBuildFile; fileRef = 6B5B7555215B1ABE00CDC9C6 /* TypeListHeaderView.swift */; };
		6B5B7560215B1ABE00CDC9C6 /* TypeEntity.swift in Sources */ = {isa = PBXBuildFile; fileRef = 6B5B7557215B1ABE00CDC9C6 /* TypeEntity.swift */; };
		6B5B7561215B1ABE00CDC9C6 /* TypeListItem.swift in Sources */ = {isa = PBXBuildFile; fileRef = 6B5B7558215B1ABE00CDC9C6 /* TypeListItem.swift */; };
		6B5B7562215B1ABE00CDC9C6 /* TypeCase.swift in Sources */ = {isa = PBXBuildFile; fileRef = 6B5B7559215B1ABE00CDC9C6 /* TypeCase.swift */; };
		6B5B7564215B1ABE00CDC9C6 /* NameCellView.swift in Sources */ = {isa = PBXBuildFile; fileRef = 6B5B755B215B1ABE00CDC9C6 /* NameCellView.swift */; };
		6B5B7565215B1ABE00CDC9C6 /* EntityCellView.swift in Sources */ = {isa = PBXBuildFile; fileRef = 6B5B755C215B1ABE00CDC9C6 /* EntityCellView.swift */; };
		6B5B7566215B1ABE00CDC9C6 /* TypeListEditor.swift in Sources */ = {isa = PBXBuildFile; fileRef = 6B5B755D215B1ABE00CDC9C6 /* TypeListEditor.swift */; };
		6B5B756D215B1C5200CDC9C6 /* Array+Operations.swift in Sources */ = {isa = PBXBuildFile; fileRef = 6B5B756C215B1C5200CDC9C6 /* Array+Operations.swift */; };
		6B5B7570215C383B00CDC9C6 /* KeyedParameter.swift in Sources */ = {isa = PBXBuildFile; fileRef = 6B5B756F215C383B00CDC9C6 /* KeyedParameter.swift */; };
		6B5B7572215C385400CDC9C6 /* NormalTypeCaseParameter.swift in Sources */ = {isa = PBXBuildFile; fileRef = 6B5B7571215C385400CDC9C6 /* NormalTypeCaseParameter.swift */; };
		6B5B7574215C387E00CDC9C6 /* TypeParameter.swift in Sources */ = {isa = PBXBuildFile; fileRef = 6B5B7573215C387E00CDC9C6 /* TypeParameter.swift */; };
		6B5B7576215C38B000CDC9C6 /* GenericTypeParameterSubstitution.swift in Sources */ = {isa = PBXBuildFile; fileRef = 6B5B7575215C38B000CDC9C6 /* GenericTypeParameterSubstitution.swift */; };
		6B6F19D3230B3E1300E5AC60 /* Colors.framework in Frameworks */ = {isa = PBXBuildFile; fileRef = 6B6F19D2230B3E1200E5AC60 /* Colors.framework */; };
		6B6F19DD230B56C900E5AC60 /* LGCSyntax+Dragging.swift in Sources */ = {isa = PBXBuildFile; fileRef = 6B6F19DC230B56C900E5AC60 /* LGCSyntax+Dragging.swift */; };
		6B858C21229DB13A00DE6216 /* ScopeStack.swift in Sources */ = {isa = PBXBuildFile; fileRef = 6B858C20229DB13A00DE6216 /* ScopeStack.swift */; };
		6B858C23229DB19200DE6216 /* Compiler.swift in Sources */ = {isa = PBXBuildFile; fileRef = 6B858C22229DB19200DE6216 /* Compiler.swift */; };
		6B858C25229DB23400DE6216 /* Compiler+Namespace.swift in Sources */ = {isa = PBXBuildFile; fileRef = 6B858C24229DB23400DE6216 /* Compiler+Namespace.swift */; };
		6B858C27229DB29900DE6216 /* Compiler+ScopeContext.swift in Sources */ = {isa = PBXBuildFile; fileRef = 6B858C26229DB29900DE6216 /* Compiler+ScopeContext.swift */; };
		6B858C29229DB30500DE6216 /* LGCTypeAnnotation+Unification.swift in Sources */ = {isa = PBXBuildFile; fileRef = 6B858C28229DB30500DE6216 /* LGCTypeAnnotation+Unification.swift */; };
		6B858C2B229DB35B00DE6216 /* Compiler+UnificationContext.swift in Sources */ = {isa = PBXBuildFile; fileRef = 6B858C2A229DB35B00DE6216 /* Compiler+UnificationContext.swift */; };
		6B858C2E229EEEAD00DE6216 /* Prelude.logic in Resources */ = {isa = PBXBuildFile; fileRef = 6B858C2D229EEEAD00DE6216 /* Prelude.logic */; };
		6B858C30229EEEEB00DE6216 /* LGCProgram+Builders.swift in Sources */ = {isa = PBXBuildFile; fileRef = 6B858C2F229EEEEB00DE6216 /* LGCProgram+Builders.swift */; };
		6B858C32229EF3A300DE6216 /* Library.swift in Sources */ = {isa = PBXBuildFile; fileRef = 6B858C31229EF3A300DE6216 /* Library.swift */; };
		6B87001222ECB98A007C589C /* Memoize.swift in Sources */ = {isa = PBXBuildFile; fileRef = 6B87001122ECB98A007C589C /* Memoize.swift */; };
		6B87001422ED12F8007C589C /* MinimapScroller.swift in Sources */ = {isa = PBXBuildFile; fileRef = 6B87001322ED12F8007C589C /* MinimapScroller.swift */; };
		6B9528D322A0B35B0094D9C7 /* LGCProgram+Imports.swift in Sources */ = {isa = PBXBuildFile; fileRef = 6B9528D222A0B35B0094D9C7 /* LGCProgram+Imports.swift */; };
		6B9528D522A0C2710094D9C7 /* CSSColor.swift in Sources */ = {isa = PBXBuildFile; fileRef = 6B9528D422A0C2710094D9C7 /* CSSColor.swift */; };
		6B9528D822A0C9DE0094D9C7 /* Compiler+EvaluationContext.swift in Sources */ = {isa = PBXBuildFile; fileRef = 6B9528D722A0C9DE0094D9C7 /* Compiler+EvaluationContext.swift */; };
		6B9F9D3B23049D140000A3BB /* SwiftGraph.framework in Frameworks */ = {isa = PBXBuildFile; fileRef = 6B9F9D3A23049D140000A3BB /* SwiftGraph.framework */; };
		6BB64E28230DBFFE00CE2D9E /* LRUCache.swift in Sources */ = {isa = PBXBuildFile; fileRef = 6BB64E27230DBFFE00CE2D9E /* LRUCache.swift */; };
		6BBD0BF92291FF1500EB87A9 /* LGCSyntax+Traversal.swift in Sources */ = {isa = PBXBuildFile; fileRef = 6BBD0BF82291FF1500EB87A9 /* LGCSyntax+Traversal.swift */; };
		6BBD0BFB2292134700EB87A9 /* EnumType.swift in Sources */ = {isa = PBXBuildFile; fileRef = 6BBD0BFA2292134700EB87A9 /* EnumType.swift */; };
		6BBD0BFF2294D92B00EB87A9 /* Unification.swift in Sources */ = {isa = PBXBuildFile; fileRef = 6BBD0BFE2294D92B00EB87A9 /* Unification.swift */; };
		6BBD0C022294DA1200EB87A9 /* KeyValueCollection.swift in Sources */ = {isa = PBXBuildFile; fileRef = 6BBD0C002294DA1100EB87A9 /* KeyValueCollection.swift */; };
		6BBD0C032294DA1200EB87A9 /* KeyValueList.swift in Sources */ = {isa = PBXBuildFile; fileRef = 6BBD0C012294DA1100EB87A9 /* KeyValueList.swift */; };
		6BBD0C0722961B9C00EB87A9 /* NameGenerator.swift in Sources */ = {isa = PBXBuildFile; fileRef = 6BBD0C0622961B9C00EB87A9 /* NameGenerator.swift */; };
		6BBD0C0F2298759F00EB87A9 /* LGCExpression+Builders.swift in Sources */ = {isa = PBXBuildFile; fileRef = 6BBD0C0E2298759F00EB87A9 /* LGCExpression+Builders.swift */; };
		6BBD0C1122988ED100EB87A9 /* NativeType.swift in Sources */ = {isa = PBXBuildFile; fileRef = 6BBD0C1022988ED100EB87A9 /* NativeType.swift */; };
		6BBD0C132298945D00EB87A9 /* LGCSyntax+Selection.swift in Sources */ = {isa = PBXBuildFile; fileRef = 6BBD0C122298945D00EB87A9 /* LGCSyntax+Selection.swift */; };
		6BC2D44E2263B7AE003A9F63 /* TextStyleRow.swift in Sources */ = {isa = PBXBuildFile; fileRef = 6BC2D44D2263B7AE003A9F63 /* TextStyleRow.swift */; };
		6BC606342247DDFB003E616B /* Colors+Appearance.swift in Sources */ = {isa = PBXBuildFile; fileRef = 6BC606332247DDFB003E616B /* Colors+Appearance.swift */; };
		6BD44E5C228CEEAD0025A3C8 /* NSBezierPath+Squiggle.swift in Sources */ = {isa = PBXBuildFile; fileRef = 6BD44E5B228CEEAD0025A3C8 /* NSBezierPath+Squiggle.swift */; };
		6BD9948D2343FCE800F3F173 /* ImageLocator.swift in Sources */ = {isa = PBXBuildFile; fileRef = 6BD9948C2343FCE800F3F173 /* ImageLocator.swift */; };
		6BD994912343FF6000F3F173 /* menu-thumbnail-function.png in Resources */ = {isa = PBXBuildFile; fileRef = 6BD9948E2343FF5F00F3F173 /* menu-thumbnail-function.png */; };
		6BD994922343FF6000F3F173 /* menu-thumbnail-new-value.png in Resources */ = {isa = PBXBuildFile; fileRef = 6BD9948F2343FF6000F3F173 /* menu-thumbnail-new-value.png */; };
		6BD994932343FF6000F3F173 /* menu-thumbnail-variable.png in Resources */ = {isa = PBXBuildFile; fileRef = 6BD994902343FF6000F3F173 /* menu-thumbnail-variable.png */; };
		6BD9949923443CC100F3F173 /* MDXSyntax.swift in Sources */ = {isa = PBXBuildFile; fileRef = 6BD9949823443CC100F3F173 /* MDXSyntax.swift */; };
		6BEEA13122A6E6EF00905664 /* LGCSyntax+Range.swift in Sources */ = {isa = PBXBuildFile; fileRef = 6BEEA13022A6E6EF00905664 /* LGCSyntax+Range.swift */; };
		6BEEA13322A6E93700905664 /* SyntaxNodeFormattable.swift in Sources */ = {isa = PBXBuildFile; fileRef = 6BEEA13222A6E93700905664 /* SyntaxNodeFormattable.swift */; };
		6BEEA13622A713FA00905664 /* StandardConfiguration.swift in Sources */ = {isa = PBXBuildFile; fileRef = 6BEEA13522A713FA00905664 /* StandardConfiguration.swift */; };
		6BF7795922D24EE1009A4119 /* FilterLabel.swift in Sources */ = {isa = PBXBuildFile; fileRef = 6BF7795822D24EE1009A4119 /* FilterLabel.swift */; };
		6BFA8A592332B0460016FC7B /* menu-thumbnail-h1.png in Resources */ = {isa = PBXBuildFile; fileRef = 6BFA8A542332B0460016FC7B /* menu-thumbnail-h1.png */; };
		6BFA8A5A2332B0460016FC7B /* menu-thumbnail-h2.png in Resources */ = {isa = PBXBuildFile; fileRef = 6BFA8A552332B0460016FC7B /* menu-thumbnail-h2.png */; };
		6BFA8A5B2332B0460016FC7B /* menu-thumbnail-h3.png in Resources */ = {isa = PBXBuildFile; fileRef = 6BFA8A562332B0460016FC7B /* menu-thumbnail-h3.png */; };
		6BFA8A5C2332B0460016FC7B /* menu-thumbnail-tokens.png in Resources */ = {isa = PBXBuildFile; fileRef = 6BFA8A572332B0460016FC7B /* menu-thumbnail-tokens.png */; };
		6BFA8A5D2332B0460016FC7B /* menu-thumbnail-paragraph.png in Resources */ = {isa = PBXBuildFile; fileRef = 6BFA8A582332B0460016FC7B /* menu-thumbnail-paragraph.png */; };
/* End PBXBuildFile section */

/* Begin PBXFileReference section */
		6B00CA30232841F6001907C6 /* TextBlockView.swift */ = {isa = PBXFileReference; lastKnownFileType = sourcecode.swift; path = TextBlockView.swift; sourceTree = "<group>"; };
		6B00CA34232847E1001907C6 /* ControlledTextField.swift */ = {isa = PBXFileReference; lastKnownFileType = sourcecode.swift; path = ControlledTextField.swift; sourceTree = "<group>"; };
		6B00CA3723285296001907C6 /* InlineToolbarWindow.swift */ = {isa = PBXFileReference; lastKnownFileType = sourcecode.swift; path = InlineToolbarWindow.swift; sourceTree = "<group>"; };
		6B00CA392328565C001907C6 /* InlineToolbar.swift */ = {isa = PBXFileReference; lastKnownFileType = sourcecode.swift; path = InlineToolbar.swift; sourceTree = "<group>"; };
		6B00CA3B2329C247001907C6 /* InlineTextTrait.swift */ = {isa = PBXFileReference; lastKnownFileType = sourcecode.swift; path = InlineTextTrait.swift; sourceTree = "<group>"; };
		6B00CA3D232AA3C4001907C6 /* OverlayWindow.swift */ = {isa = PBXFileReference; lastKnownFileType = sourcecode.swift; path = OverlayWindow.swift; sourceTree = "<group>"; };
		6B00CA3F232B0091001907C6 /* BlockEditor.swift */ = {isa = PBXFileReference; lastKnownFileType = sourcecode.swift; path = BlockEditor.swift; sourceTree = "<group>"; };
		6B00CA43232B1AF8001907C6 /* LightMark+String.swift */ = {isa = PBXFileReference; lastKnownFileType = sourcecode.swift; path = "LightMark+String.swift"; sourceTree = "<group>"; };
		6B00CA45232BEB1F001907C6 /* BlockListView.swift */ = {isa = PBXFileReference; lastKnownFileType = sourcecode.swift; path = BlockListView.swift; sourceTree = "<group>"; };
		6B00CA47232C280B001907C6 /* Differ.framework */ = {isa = PBXFileReference; lastKnownFileType = wrapper.framework; name = Differ.framework; path = ../Carthage/Build/Mac/Differ.framework; sourceTree = "<group>"; };
		6B00CA51232D797A001907C6 /* AttributedTextView.swift */ = {isa = PBXFileReference; lastKnownFileType = sourcecode.swift; path = AttributedTextView.swift; sourceTree = "<group>"; };
		6B0F945B233E904B007C115E /* DividerBlock.swift */ = {isa = PBXFileReference; fileEncoding = 4; lastKnownFileType = sourcecode.swift; path = DividerBlock.swift; sourceTree = "<group>"; };
		6B0F945D233E9C80007C115E /* ImageBlock.swift */ = {isa = PBXFileReference; fileEncoding = 4; lastKnownFileType = sourcecode.swift; path = ImageBlock.swift; sourceTree = "<group>"; };
		6B0F945F233E9CD5007C115E /* EditableBlock.swift */ = {isa = PBXFileReference; lastKnownFileType = sourcecode.swift; path = EditableBlock.swift; sourceTree = "<group>"; };
		6B0F9461233EA0EE007C115E /* OverflowMenuButton.swift */ = {isa = PBXFileReference; fileEncoding = 4; lastKnownFileType = sourcecode.swift; path = OverflowMenuButton.swift; sourceTree = "<group>"; };
		6B0F9463233EBBE9007C115E /* menu-thumbnail-divider.png */ = {isa = PBXFileReference; lastKnownFileType = image.png; path = "menu-thumbnail-divider.png"; sourceTree = "<group>"; };
		6B0F9464233EBBE9007C115E /* menu-thumbnail-image.png */ = {isa = PBXFileReference; lastKnownFileType = image.png; path = "menu-thumbnail-image.png"; sourceTree = "<group>"; };
		6B10AC1B22A45FD00043E46A /* LogicValue+AppKit.swift */ = {isa = PBXFileReference; lastKnownFileType = sourcecode.swift; path = "LogicValue+AppKit.swift"; sourceTree = "<group>"; };
		6B10AC1D22A45FFB0043E46A /* LogicValue.swift */ = {isa = PBXFileReference; lastKnownFileType = sourcecode.swift; path = LogicValue.swift; sourceTree = "<group>"; };
		6B10AC1F22A461B90043E46A /* Unification+Core.swift */ = {isa = PBXFileReference; lastKnownFileType = sourcecode.swift; path = "Unification+Core.swift"; sourceTree = "<group>"; };
		6B10AC2122A462630043E46A /* LogicValue+Core.swift */ = {isa = PBXFileReference; lastKnownFileType = sourcecode.swift; path = "LogicValue+Core.swift"; sourceTree = "<group>"; };
		6B1BFC762322CEE10060FD13 /* Tooltip.swift */ = {isa = PBXFileReference; lastKnownFileType = sourcecode.swift; path = Tooltip.swift; sourceTree = "<group>"; };
		6B1DE40422DAB9BE00FC565E /* LightMark.swift */ = {isa = PBXFileReference; lastKnownFileType = sourcecode.swift; path = LightMark.swift; sourceTree = "<group>"; };
		6B2484EF23398E50000C5C9F /* MarkdownFile.swift */ = {isa = PBXFileReference; lastKnownFileType = sourcecode.swift; path = MarkdownFile.swift; sourceTree = "<group>"; };
		6B34148C225417F800CC65D1 /* JavaScript.swift */ = {isa = PBXFileReference; lastKnownFileType = sourcecode.swift; path = JavaScript.swift; sourceTree = "<group>"; };
		6B34148E225418D800CC65D1 /* lona-serialization.umd.js */ = {isa = PBXFileReference; fileEncoding = 4; lastKnownFileType = sourcecode.javascript; path = "lona-serialization.umd.js"; sourceTree = "<group>"; };
		6B3414902254366C00CC65D1 /* LogicFile.swift */ = {isa = PBXFileReference; lastKnownFileType = sourcecode.swift; path = LogicFile.swift; sourceTree = "<group>"; };
		6B34149222554A5500CC65D1 /* LGCSyntax+Init.swift */ = {isa = PBXFileReference; lastKnownFileType = sourcecode.swift; path = "LGCSyntax+Init.swift"; sourceTree = "<group>"; };
		6B3414982256ECD900CC65D1 /* Assets.xcassets */ = {isa = PBXFileReference; lastKnownFileType = folder.assetcatalog; path = Assets.xcassets; sourceTree = "<group>"; };
		6B34149A2256EF2F00CC65D1 /* BundleLocator.swift */ = {isa = PBXFileReference; lastKnownFileType = sourcecode.swift; path = BundleLocator.swift; sourceTree = "<group>"; };
		6B34149F2258154500CC65D1 /* SyntaxNodePlaceholdable.swift */ = {isa = PBXFileReference; lastKnownFileType = sourcecode.swift; path = SyntaxNodePlaceholdable.swift; sourceTree = "<group>"; };
		6B3414A122593E2000CC65D1 /* Array+Union.swift */ = {isa = PBXFileReference; lastKnownFileType = sourcecode.swift; path = "Array+Union.swift"; sourceTree = "<group>"; };
		6B3414B5225D68E000CC65D1 /* ColorRow.swift */ = {isa = PBXFileReference; fileEncoding = 4; lastKnownFileType = sourcecode.swift; path = ColorRow.swift; sourceTree = "<group>"; };
		6B396127231DD5E400F27CB8 /* NSBezierPath+Plus.swift */ = {isa = PBXFileReference; lastKnownFileType = sourcecode.swift; path = "NSBezierPath+Plus.swift"; sourceTree = "<group>"; };
		6B3961292321C39100F27CB8 /* SyntaxNodeContext.swift */ = {isa = PBXFileReference; lastKnownFileType = sourcecode.swift; path = SyntaxNodeContext.swift; sourceTree = "<group>"; };
		6B39612B2321CDA900F27CB8 /* FormatterContext.swift */ = {isa = PBXFileReference; lastKnownFileType = sourcecode.swift; path = FormatterContext.swift; sourceTree = "<group>"; };
		6B4218B3223C2E440060CC9A /* Formatter+LogicElement.swift */ = {isa = PBXFileReference; lastKnownFileType = sourcecode.swift; path = "Formatter+LogicElement.swift"; sourceTree = "<group>"; };
		6B4218B6223D82B10060CC9A /* NSOutlineView+Dragging.swift */ = {isa = PBXFileReference; lastKnownFileType = sourcecode.swift; path = "NSOutlineView+Dragging.swift"; sourceTree = "<group>"; };
		6B4218CB223EEEAD0060CC9A /* LGCList+SyntaxNode.swift */ = {isa = PBXFileReference; lastKnownFileType = sourcecode.swift; path = "LGCList+SyntaxNode.swift"; sourceTree = "<group>"; };
		6B44759C22AED136009AE087 /* InfoBar.swift */ = {isa = PBXFileReference; fileEncoding = 4; lastKnownFileType = sourcecode.swift; path = InfoBar.swift; sourceTree = "<group>"; };
		6B44759E22AED58E009AE087 /* Divider.swift */ = {isa = PBXFileReference; fileEncoding = 4; lastKnownFileType = sourcecode.swift; path = Divider.swift; sourceTree = "<group>"; };
		6B44E141223B3D2200740318 /* LightMark+AppKit.swift */ = {isa = PBXFileReference; lastKnownFileType = sourcecode.swift; path = "LightMark+AppKit.swift"; sourceTree = "<group>"; };
		6B44E145223B3DB700740318 /* CGSize+Resizing.swift */ = {isa = PBXFileReference; fileEncoding = 4; lastKnownFileType = sourcecode.swift; path = "CGSize+Resizing.swift"; sourceTree = "<group>"; };
		6B44E146223B3DB700740318 /* Colors.swift */ = {isa = PBXFileReference; fileEncoding = 4; lastKnownFileType = sourcecode.swift; path = Colors.swift; sourceTree = "<group>"; };
		6B44E147223B3DB700740318 /* LNAImageView.swift */ = {isa = PBXFileReference; fileEncoding = 4; lastKnownFileType = sourcecode.swift; path = LNAImageView.swift; sourceTree = "<group>"; };
		6B44E148223B3DB700740318 /* LNATextField.swift */ = {isa = PBXFileReference; fileEncoding = 4; lastKnownFileType = sourcecode.swift; path = LNATextField.swift; sourceTree = "<group>"; };
		6B44E149223B3DB700740318 /* LonaViewModel.swift */ = {isa = PBXFileReference; fileEncoding = 4; lastKnownFileType = sourcecode.swift; path = LonaViewModel.swift; sourceTree = "<group>"; };
		6B44E14A223B3DB700740318 /* NSImage+Resizing.swift */ = {isa = PBXFileReference; fileEncoding = 4; lastKnownFileType = sourcecode.swift; path = "NSImage+Resizing.swift"; sourceTree = "<group>"; };
		6B44E14B223B3DB700740318 /* Shadows.swift */ = {isa = PBXFileReference; fileEncoding = 4; lastKnownFileType = sourcecode.swift; path = Shadows.swift; sourceTree = "<group>"; };
		6B44E14C223B3DB700740318 /* TextStyles.swift */ = {isa = PBXFileReference; fileEncoding = 4; lastKnownFileType = sourcecode.swift; path = TextStyles.swift; sourceTree = "<group>"; };
		6B44E14D223B3DB700740318 /* SuggestionView.swift */ = {isa = PBXFileReference; fileEncoding = 4; lastKnownFileType = sourcecode.swift; path = SuggestionView.swift; sourceTree = "<group>"; };
		6B44E14E223B3DB700740318 /* ResultRow.swift */ = {isa = PBXFileReference; fileEncoding = 4; lastKnownFileType = sourcecode.swift; path = ResultRow.swift; sourceTree = "<group>"; };
		6B44E14F223B3DB700740318 /* ResultSectionHeader.swift */ = {isa = PBXFileReference; fileEncoding = 4; lastKnownFileType = sourcecode.swift; path = ResultSectionHeader.swift; sourceTree = "<group>"; };
		6B44E15D223B3DF300740318 /* TextStyle.swift */ = {isa = PBXFileReference; fileEncoding = 4; lastKnownFileType = sourcecode.swift; path = TextStyle.swift; sourceTree = "<group>"; };
		6B44E15F223B3DFF00740318 /* ForeignTypes.swift */ = {isa = PBXFileReference; lastKnownFileType = sourcecode.swift; path = ForeignTypes.swift; sourceTree = "<group>"; };
		6B44E161223B3E2C00740318 /* ControlledSearchInput.swift */ = {isa = PBXFileReference; lastKnownFileType = sourcecode.swift; path = ControlledSearchInput.swift; sourceTree = "<group>"; };
		6B44E162223B3E2C00740318 /* ControlledDropdown.swift */ = {isa = PBXFileReference; lastKnownFileType = sourcecode.swift; path = ControlledDropdown.swift; sourceTree = "<group>"; };
		6B44E168223B3E9E00740318 /* SuggestionListView.swift */ = {isa = PBXFileReference; lastKnownFileType = sourcecode.swift; path = SuggestionListView.swift; sourceTree = "<group>"; };
		6B44E16A223B3E9E00740318 /* SuggestionDetailView.swift */ = {isa = PBXFileReference; lastKnownFileType = sourcecode.swift; path = SuggestionDetailView.swift; sourceTree = "<group>"; };
		6B44E170223B406800740318 /* Formatter.swift */ = {isa = PBXFileReference; lastKnownFileType = sourcecode.swift; path = Formatter.swift; sourceTree = "<group>"; };
		6B44E172223B40AF00740318 /* LogicCanvasView.swift */ = {isa = PBXFileReference; lastKnownFileType = sourcecode.swift; path = LogicCanvasView.swift; sourceTree = "<group>"; };
		6B44E173223B40AF00740318 /* LogicElement.swift */ = {isa = PBXFileReference; lastKnownFileType = sourcecode.swift; path = LogicElement.swift; sourceTree = "<group>"; };
		6B44E175223B40AF00740318 /* LogicMeasuredElement.swift */ = {isa = PBXFileReference; lastKnownFileType = sourcecode.swift; path = LogicMeasuredElement.swift; sourceTree = "<group>"; };
		6B44E17C223B40C900740318 /* LGCList+Sequence.swift */ = {isa = PBXFileReference; lastKnownFileType = sourcecode.swift; path = "LGCList+Sequence.swift"; sourceTree = "<group>"; };
		6B44E17D223B40C900740318 /* LGCSyntax.swift */ = {isa = PBXFileReference; lastKnownFileType = sourcecode.swift; path = LGCSyntax.swift; sourceTree = "<group>"; };
		6B44E17E223B40C900740318 /* LGCSyntax+Documentation.swift */ = {isa = PBXFileReference; lastKnownFileType = sourcecode.swift; path = "LGCSyntax+Documentation.swift"; sourceTree = "<group>"; };
		6B44E181223B40C900740318 /* LGCSyntax+Suggestions.swift */ = {isa = PBXFileReference; lastKnownFileType = sourcecode.swift; path = "LGCSyntax+Suggestions.swift"; sourceTree = "<group>"; };
		6B44E182223B40C900740318 /* SyntaxNodeProtocol.swift */ = {isa = PBXFileReference; lastKnownFileType = sourcecode.swift; path = SyntaxNodeProtocol.swift; sourceTree = "<group>"; };
		6B44E18B223B40F100740318 /* SuggestionWindow.swift */ = {isa = PBXFileReference; fileEncoding = 4; lastKnownFileType = sourcecode.swift; path = SuggestionWindow.swift; sourceTree = "<group>"; };
		6B44E18D223B411B00740318 /* NSBezierPath+Polygon.swift */ = {isa = PBXFileReference; lastKnownFileType = sourcecode.swift; path = "NSBezierPath+Polygon.swift"; sourceTree = "<group>"; };
		6B44E18F223B494600740318 /* LogicEditor.swift */ = {isa = PBXFileReference; lastKnownFileType = sourcecode.swift; path = LogicEditor.swift; sourceTree = "<group>"; };
		6B44E191223C0F6000740318 /* SuggestionListItem.swift */ = {isa = PBXFileReference; lastKnownFileType = sourcecode.swift; path = SuggestionListItem.swift; sourceTree = "<group>"; };
		6B44E193223C146400740318 /* Formatter+Test.swift */ = {isa = PBXFileReference; lastKnownFileType = sourcecode.swift; path = "Formatter+Test.swift"; sourceTree = "<group>"; };
		6B4E25FD22E7A55000F0076A /* TextStyle.logic */ = {isa = PBXFileReference; fileEncoding = 4; lastKnownFileType = text; path = TextStyle.logic; sourceTree = "<group>"; };
		6B4E25FF22E7B27000F0076A /* Color.logic */ = {isa = PBXFileReference; fileEncoding = 4; lastKnownFileType = text; path = Color.logic; sourceTree = "<group>"; };
		6B4E260122E7B39500F0076A /* Shadow.logic */ = {isa = PBXFileReference; fileEncoding = 4; lastKnownFileType = text; path = Shadow.logic; sourceTree = "<group>"; };
		6B5A6AC522FB49BB00CA004E /* NSColor+Parsing.swift */ = {isa = PBXFileReference; lastKnownFileType = sourcecode.swift; path = "NSColor+Parsing.swift"; sourceTree = "<group>"; };
		6B5B751D215B198400CDC9C6 /* Logic.framework */ = {isa = PBXFileReference; explicitFileType = wrapper.framework; includeInIndex = 0; path = Logic.framework; sourceTree = BUILT_PRODUCTS_DIR; };
		6B5B7520215B198400CDC9C6 /* Logic.h */ = {isa = PBXFileReference; lastKnownFileType = sourcecode.c.h; path = Logic.h; sourceTree = "<group>"; };
		6B5B7521215B198400CDC9C6 /* Info.plist */ = {isa = PBXFileReference; lastKnownFileType = text.plist.xml; path = Info.plist; sourceTree = "<group>"; };
		6B5B7554215B1ABE00CDC9C6 /* TypeListRowView.swift */ = {isa = PBXFileReference; fileEncoding = 4; lastKnownFileType = sourcecode.swift; path = TypeListRowView.swift; sourceTree = "<group>"; };
		6B5B7555215B1ABE00CDC9C6 /* TypeListHeaderView.swift */ = {isa = PBXFileReference; fileEncoding = 4; lastKnownFileType = sourcecode.swift; path = TypeListHeaderView.swift; sourceTree = "<group>"; };
		6B5B7557215B1ABE00CDC9C6 /* TypeEntity.swift */ = {isa = PBXFileReference; fileEncoding = 4; lastKnownFileType = sourcecode.swift; path = TypeEntity.swift; sourceTree = "<group>"; };
		6B5B7558215B1ABE00CDC9C6 /* TypeListItem.swift */ = {isa = PBXFileReference; fileEncoding = 4; lastKnownFileType = sourcecode.swift; path = TypeListItem.swift; sourceTree = "<group>"; };
		6B5B7559215B1ABE00CDC9C6 /* TypeCase.swift */ = {isa = PBXFileReference; fileEncoding = 4; lastKnownFileType = sourcecode.swift; path = TypeCase.swift; sourceTree = "<group>"; };
		6B5B755B215B1ABE00CDC9C6 /* NameCellView.swift */ = {isa = PBXFileReference; fileEncoding = 4; lastKnownFileType = sourcecode.swift; path = NameCellView.swift; sourceTree = "<group>"; };
		6B5B755C215B1ABE00CDC9C6 /* EntityCellView.swift */ = {isa = PBXFileReference; fileEncoding = 4; lastKnownFileType = sourcecode.swift; path = EntityCellView.swift; sourceTree = "<group>"; };
		6B5B755D215B1ABE00CDC9C6 /* TypeListEditor.swift */ = {isa = PBXFileReference; fileEncoding = 4; lastKnownFileType = sourcecode.swift; path = TypeListEditor.swift; sourceTree = "<group>"; };
		6B5B756C215B1C5200CDC9C6 /* Array+Operations.swift */ = {isa = PBXFileReference; fileEncoding = 4; lastKnownFileType = sourcecode.swift; path = "Array+Operations.swift"; sourceTree = "<group>"; };
		6B5B756F215C383B00CDC9C6 /* KeyedParameter.swift */ = {isa = PBXFileReference; lastKnownFileType = sourcecode.swift; path = KeyedParameter.swift; sourceTree = "<group>"; };
		6B5B7571215C385400CDC9C6 /* NormalTypeCaseParameter.swift */ = {isa = PBXFileReference; lastKnownFileType = sourcecode.swift; path = NormalTypeCaseParameter.swift; sourceTree = "<group>"; };
		6B5B7573215C387E00CDC9C6 /* TypeParameter.swift */ = {isa = PBXFileReference; lastKnownFileType = sourcecode.swift; path = TypeParameter.swift; sourceTree = "<group>"; };
		6B5B7575215C38B000CDC9C6 /* GenericTypeParameterSubstitution.swift */ = {isa = PBXFileReference; lastKnownFileType = sourcecode.swift; path = GenericTypeParameterSubstitution.swift; sourceTree = "<group>"; };
		6B6F19D2230B3E1200E5AC60 /* Colors.framework */ = {isa = PBXFileReference; lastKnownFileType = wrapper.framework; name = Colors.framework; path = ../Carthage/Build/Mac/Colors.framework; sourceTree = "<group>"; };
		6B6F19DC230B56C900E5AC60 /* LGCSyntax+Dragging.swift */ = {isa = PBXFileReference; lastKnownFileType = sourcecode.swift; path = "LGCSyntax+Dragging.swift"; sourceTree = "<group>"; };
		6B858C20229DB13A00DE6216 /* ScopeStack.swift */ = {isa = PBXFileReference; lastKnownFileType = sourcecode.swift; path = ScopeStack.swift; sourceTree = "<group>"; };
		6B858C22229DB19200DE6216 /* Compiler.swift */ = {isa = PBXFileReference; lastKnownFileType = sourcecode.swift; path = Compiler.swift; sourceTree = "<group>"; };
		6B858C24229DB23400DE6216 /* Compiler+Namespace.swift */ = {isa = PBXFileReference; lastKnownFileType = sourcecode.swift; path = "Compiler+Namespace.swift"; sourceTree = "<group>"; };
		6B858C26229DB29900DE6216 /* Compiler+ScopeContext.swift */ = {isa = PBXFileReference; lastKnownFileType = sourcecode.swift; path = "Compiler+ScopeContext.swift"; sourceTree = "<group>"; };
		6B858C28229DB30500DE6216 /* LGCTypeAnnotation+Unification.swift */ = {isa = PBXFileReference; lastKnownFileType = sourcecode.swift; path = "LGCTypeAnnotation+Unification.swift"; sourceTree = "<group>"; };
		6B858C2A229DB35B00DE6216 /* Compiler+UnificationContext.swift */ = {isa = PBXFileReference; lastKnownFileType = sourcecode.swift; path = "Compiler+UnificationContext.swift"; sourceTree = "<group>"; };
		6B858C2D229EEEAD00DE6216 /* Prelude.logic */ = {isa = PBXFileReference; fileEncoding = 4; lastKnownFileType = text; path = Prelude.logic; sourceTree = "<group>"; };
		6B858C2F229EEEEB00DE6216 /* LGCProgram+Builders.swift */ = {isa = PBXFileReference; lastKnownFileType = sourcecode.swift; path = "LGCProgram+Builders.swift"; sourceTree = "<group>"; };
		6B858C31229EF3A300DE6216 /* Library.swift */ = {isa = PBXFileReference; lastKnownFileType = sourcecode.swift; path = Library.swift; sourceTree = "<group>"; };
		6B87001122ECB98A007C589C /* Memoize.swift */ = {isa = PBXFileReference; lastKnownFileType = sourcecode.swift; path = Memoize.swift; sourceTree = "<group>"; };
		6B87001322ED12F8007C589C /* MinimapScroller.swift */ = {isa = PBXFileReference; lastKnownFileType = sourcecode.swift; path = MinimapScroller.swift; sourceTree = "<group>"; };
		6B9528D222A0B35B0094D9C7 /* LGCProgram+Imports.swift */ = {isa = PBXFileReference; lastKnownFileType = sourcecode.swift; path = "LGCProgram+Imports.swift"; sourceTree = "<group>"; };
		6B9528D422A0C2710094D9C7 /* CSSColor.swift */ = {isa = PBXFileReference; lastKnownFileType = sourcecode.swift; path = CSSColor.swift; sourceTree = "<group>"; };
		6B9528D722A0C9DE0094D9C7 /* Compiler+EvaluationContext.swift */ = {isa = PBXFileReference; lastKnownFileType = sourcecode.swift; path = "Compiler+EvaluationContext.swift"; sourceTree = "<group>"; };
		6B9F9D3A23049D140000A3BB /* SwiftGraph.framework */ = {isa = PBXFileReference; lastKnownFileType = wrapper.framework; name = SwiftGraph.framework; path = ../Carthage/Build/Mac/SwiftGraph.framework; sourceTree = "<group>"; };
		6BB64E27230DBFFE00CE2D9E /* LRUCache.swift */ = {isa = PBXFileReference; lastKnownFileType = sourcecode.swift; path = LRUCache.swift; sourceTree = "<group>"; };
		6BBD0BF82291FF1500EB87A9 /* LGCSyntax+Traversal.swift */ = {isa = PBXFileReference; lastKnownFileType = sourcecode.swift; path = "LGCSyntax+Traversal.swift"; sourceTree = "<group>"; };
		6BBD0BFA2292134700EB87A9 /* EnumType.swift */ = {isa = PBXFileReference; lastKnownFileType = sourcecode.swift; path = EnumType.swift; sourceTree = "<group>"; };
		6BBD0BFE2294D92B00EB87A9 /* Unification.swift */ = {isa = PBXFileReference; lastKnownFileType = sourcecode.swift; path = Unification.swift; sourceTree = "<group>"; };
		6BBD0C002294DA1100EB87A9 /* KeyValueCollection.swift */ = {isa = PBXFileReference; lastKnownFileType = sourcecode.swift; path = KeyValueCollection.swift; sourceTree = "<group>"; };
		6BBD0C012294DA1100EB87A9 /* KeyValueList.swift */ = {isa = PBXFileReference; lastKnownFileType = sourcecode.swift; path = KeyValueList.swift; sourceTree = "<group>"; };
		6BBD0C0622961B9C00EB87A9 /* NameGenerator.swift */ = {isa = PBXFileReference; lastKnownFileType = sourcecode.swift; path = NameGenerator.swift; sourceTree = "<group>"; };
		6BBD0C0E2298759F00EB87A9 /* LGCExpression+Builders.swift */ = {isa = PBXFileReference; lastKnownFileType = sourcecode.swift; path = "LGCExpression+Builders.swift"; sourceTree = "<group>"; };
		6BBD0C1022988ED100EB87A9 /* NativeType.swift */ = {isa = PBXFileReference; lastKnownFileType = sourcecode.swift; path = NativeType.swift; sourceTree = "<group>"; };
		6BBD0C122298945D00EB87A9 /* LGCSyntax+Selection.swift */ = {isa = PBXFileReference; lastKnownFileType = sourcecode.swift; path = "LGCSyntax+Selection.swift"; sourceTree = "<group>"; };
		6BC2D44D2263B7AE003A9F63 /* TextStyleRow.swift */ = {isa = PBXFileReference; fileEncoding = 4; lastKnownFileType = sourcecode.swift; path = TextStyleRow.swift; sourceTree = "<group>"; };
		6BC606332247DDFB003E616B /* Colors+Appearance.swift */ = {isa = PBXFileReference; lastKnownFileType = sourcecode.swift; path = "Colors+Appearance.swift"; sourceTree = "<group>"; };
		6BD44E5B228CEEAD0025A3C8 /* NSBezierPath+Squiggle.swift */ = {isa = PBXFileReference; lastKnownFileType = sourcecode.swift; path = "NSBezierPath+Squiggle.swift"; sourceTree = "<group>"; };
		6BD9948C2343FCE800F3F173 /* ImageLocator.swift */ = {isa = PBXFileReference; lastKnownFileType = sourcecode.swift; path = ImageLocator.swift; sourceTree = "<group>"; };
		6BD9948E2343FF5F00F3F173 /* menu-thumbnail-function.png */ = {isa = PBXFileReference; lastKnownFileType = image.png; path = "menu-thumbnail-function.png"; sourceTree = "<group>"; };
		6BD9948F2343FF6000F3F173 /* menu-thumbnail-new-value.png */ = {isa = PBXFileReference; lastKnownFileType = image.png; path = "menu-thumbnail-new-value.png"; sourceTree = "<group>"; };
		6BD994902343FF6000F3F173 /* menu-thumbnail-variable.png */ = {isa = PBXFileReference; lastKnownFileType = image.png; path = "menu-thumbnail-variable.png"; sourceTree = "<group>"; };
		6BD9949823443CC100F3F173 /* MDXSyntax.swift */ = {isa = PBXFileReference; fileEncoding = 4; lastKnownFileType = sourcecode.swift; path = MDXSyntax.swift; sourceTree = "<group>"; };
		6BEEA13022A6E6EF00905664 /* LGCSyntax+Range.swift */ = {isa = PBXFileReference; lastKnownFileType = sourcecode.swift; path = "LGCSyntax+Range.swift"; sourceTree = "<group>"; };
		6BEEA13222A6E93700905664 /* SyntaxNodeFormattable.swift */ = {isa = PBXFileReference; lastKnownFileType = sourcecode.swift; path = SyntaxNodeFormattable.swift; sourceTree = "<group>"; };
		6BEEA13522A713FA00905664 /* StandardConfiguration.swift */ = {isa = PBXFileReference; lastKnownFileType = sourcecode.swift; path = StandardConfiguration.swift; sourceTree = "<group>"; };
		6BF7795822D24EE1009A4119 /* FilterLabel.swift */ = {isa = PBXFileReference; fileEncoding = 4; lastKnownFileType = sourcecode.swift; path = FilterLabel.swift; sourceTree = "<group>"; };
		6BFA8A542332B0460016FC7B /* menu-thumbnail-h1.png */ = {isa = PBXFileReference; lastKnownFileType = image.png; path = "menu-thumbnail-h1.png"; sourceTree = "<group>"; };
		6BFA8A552332B0460016FC7B /* menu-thumbnail-h2.png */ = {isa = PBXFileReference; lastKnownFileType = image.png; path = "menu-thumbnail-h2.png"; sourceTree = "<group>"; };
		6BFA8A562332B0460016FC7B /* menu-thumbnail-h3.png */ = {isa = PBXFileReference; lastKnownFileType = image.png; path = "menu-thumbnail-h3.png"; sourceTree = "<group>"; };
		6BFA8A572332B0460016FC7B /* menu-thumbnail-tokens.png */ = {isa = PBXFileReference; lastKnownFileType = image.png; path = "menu-thumbnail-tokens.png"; sourceTree = "<group>"; };
		6BFA8A582332B0460016FC7B /* menu-thumbnail-paragraph.png */ = {isa = PBXFileReference; lastKnownFileType = image.png; path = "menu-thumbnail-paragraph.png"; sourceTree = "<group>"; };
/* End PBXFileReference section */

/* Begin PBXFrameworksBuildPhase section */
		6B5B751A215B198400CDC9C6 /* Frameworks */ = {
			isa = PBXFrameworksBuildPhase;
			buildActionMask = 2147483647;
			files = (
				6B6F19D3230B3E1300E5AC60 /* Colors.framework in Frameworks */,
				6B00CA48232C280B001907C6 /* Differ.framework in Frameworks */,
				6B9F9D3B23049D140000A3BB /* SwiftGraph.framework in Frameworks */,
			);
			runOnlyForDeploymentPostprocessing = 0;
		};
/* End PBXFrameworksBuildPhase section */

/* Begin PBXGroup section */
		6B00CA2F23283C5F001907C6 /* BlockEditor */ = {
			isa = PBXGroup;
			children = (
				6B00CA3F232B0091001907C6 /* BlockEditor.swift */,
				6B00CA45232BEB1F001907C6 /* BlockListView.swift */,
				6B0F945F233E9CD5007C115E /* EditableBlock.swift */,
				6B00CA3B2329C247001907C6 /* InlineTextTrait.swift */,
				6B00CA30232841F6001907C6 /* TextBlockView.swift */,
				6B00CA362328528A001907C6 /* InlineToolbar */,
			);
			path = BlockEditor;
			sourceTree = "<group>";
		};
		6B00CA362328528A001907C6 /* InlineToolbar */ = {
			isa = PBXGroup;
			children = (
				6B00CA3723285296001907C6 /* InlineToolbarWindow.swift */,
				6B00CA392328565C001907C6 /* InlineToolbar.swift */,
			);
			path = InlineToolbar;
			sourceTree = "<group>";
		};
		6B0F945A233E904B007C115E /* blocks */ = {
			isa = PBXGroup;
			children = (
				6B0F945B233E904B007C115E /* DividerBlock.swift */,
				6B0F945D233E9C80007C115E /* ImageBlock.swift */,
			);
			path = blocks;
			sourceTree = "<group>";
		};
		6B34148B225417E500CC65D1 /* Scripting */ = {
			isa = PBXGroup;
			children = (
				6B34148E225418D800CC65D1 /* lona-serialization.umd.js */,
				6B34148C225417F800CC65D1 /* JavaScript.swift */,
			);
			path = Scripting;
			sourceTree = "<group>";
		};
		6B44E13B223B3C9000740318 /* Types */ = {
			isa = PBXGroup;
			children = (
				6B5B756B215B1C3C00CDC9C6 /* Extensions */,
				6B5B7556215B1ABE00CDC9C6 /* Models */,
				6B5B7553215B1ABE00CDC9C6 /* Views */,
			);
			path = Types;
			sourceTree = "<group>";
		};
		6B44E150223B3DB700740318 /* components */ = {
			isa = PBXGroup;
			children = (
				6B3414B5225D68E000CC65D1 /* ColorRow.swift */,
				6B44759E22AED58E009AE087 /* Divider.swift */,
				6BF7795822D24EE1009A4119 /* FilterLabel.swift */,
				6B44759C22AED136009AE087 /* InfoBar.swift */,
				6B0F9461233EA0EE007C115E /* OverflowMenuButton.swift */,
				6B44E14E223B3DB700740318 /* ResultRow.swift */,
				6B44E14F223B3DB700740318 /* ResultSectionHeader.swift */,
				6B44E14D223B3DB700740318 /* SuggestionView.swift */,
				6BC2D44D2263B7AE003A9F63 /* TextStyleRow.swift */,
			);
			path = components;
			sourceTree = "<group>";
		};
		6B44E151223B3DB700740318 /* Generated */ = {
			isa = PBXGroup;
			children = (
				6B44E145223B3DB700740318 /* CGSize+Resizing.swift */,
				6B44E146223B3DB700740318 /* Colors.swift */,
				6B44E147223B3DB700740318 /* LNAImageView.swift */,
				6B44E148223B3DB700740318 /* LNATextField.swift */,
				6B44E149223B3DB700740318 /* LonaViewModel.swift */,
				6B44E14A223B3DB700740318 /* NSImage+Resizing.swift */,
				6B44E14B223B3DB700740318 /* Shadows.swift */,
				6B44E14C223B3DB700740318 /* TextStyles.swift */,
				6BFA8A532332B0460016FC7B /* assets */,
				6B0F945A233E904B007C115E /* blocks */,
				6B44E150223B3DB700740318 /* components */,
			);
			path = Generated;
			sourceTree = "<group>";
		};
		6B44E163223B3E2C00740318 /* Controlled */ = {
			isa = PBXGroup;
			children = (
				6B00CA51232D797A001907C6 /* AttributedTextView.swift */,
				6B44E162223B3E2C00740318 /* ControlledDropdown.swift */,
				6B44E161223B3E2C00740318 /* ControlledSearchInput.swift */,
				6B00CA34232847E1001907C6 /* ControlledTextField.swift */,
			);
			path = Controlled;
			sourceTree = "<group>";
		};
		6B44E166223B3E6000740318 /* Suggestions */ = {
			isa = PBXGroup;
			children = (
				6B44E18B223B40F100740318 /* SuggestionWindow.swift */,
				6B44E16A223B3E9E00740318 /* SuggestionDetailView.swift */,
				6B44E168223B3E9E00740318 /* SuggestionListView.swift */,
				6B44E191223C0F6000740318 /* SuggestionListItem.swift */,
			);
			path = Suggestions;
			sourceTree = "<group>";
		};
		6B44E171223B406800740318 /* Formatter */ = {
			isa = PBXGroup;
			children = (
				6B44E170223B406800740318 /* Formatter.swift */,
				6B4218B3223C2E440060CC9A /* Formatter+LogicElement.swift */,
				6B44E193223C146400740318 /* Formatter+Test.swift */,
				6B39612B2321CDA900F27CB8 /* FormatterContext.swift */,
			);
			path = Formatter;
			sourceTree = "<group>";
		};
		6B44E176223B40AF00740318 /* LogicElementEditor */ = {
			isa = PBXGroup;
			children = (
				6B44E172223B40AF00740318 /* LogicCanvasView.swift */,
				6B44E173223B40AF00740318 /* LogicElement.swift */,
				6B44E175223B40AF00740318 /* LogicMeasuredElement.swift */,
			);
			path = LogicElementEditor;
			sourceTree = "<group>";
		};
		6B44E183223B40C900740318 /* Syntax */ = {
			isa = PBXGroup;
			children = (
				6BBD0C0E2298759F00EB87A9 /* LGCExpression+Builders.swift */,
				6B44E17C223B40C900740318 /* LGCList+Sequence.swift */,
				6B4218CB223EEEAD0060CC9A /* LGCList+SyntaxNode.swift */,
				6B858C2F229EEEEB00DE6216 /* LGCProgram+Builders.swift */,
				6B44E17D223B40C900740318 /* LGCSyntax.swift */,
				6B44E17E223B40C900740318 /* LGCSyntax+Documentation.swift */,
				6B6F19DC230B56C900E5AC60 /* LGCSyntax+Dragging.swift */,
				6B34149222554A5500CC65D1 /* LGCSyntax+Init.swift */,
				6BEEA13022A6E6EF00905664 /* LGCSyntax+Range.swift */,
				6BBD0C122298945D00EB87A9 /* LGCSyntax+Selection.swift */,
				6B44E181223B40C900740318 /* LGCSyntax+Suggestions.swift */,
				6BBD0BF82291FF1500EB87A9 /* LGCSyntax+Traversal.swift */,
				6BD9949823443CC100F3F173 /* MDXSyntax.swift */,
				6B3961292321C39100F27CB8 /* SyntaxNodeContext.swift */,
				6BEEA13222A6E93700905664 /* SyntaxNodeFormattable.swift */,
				6B34149F2258154500CC65D1 /* SyntaxNodePlaceholdable.swift */,
				6B44E182223B40C900740318 /* SyntaxNodeProtocol.swift */,
			);
			path = Syntax;
			sourceTree = "<group>";
		};
		6B44E195223C19B100740318 /* CodeEditor */ = {
			isa = PBXGroup;
			children = (
				6B44E18F223B494600740318 /* LogicEditor.swift */,
				6B87001322ED12F8007C589C /* MinimapScroller.swift */,
				6B00CA3D232AA3C4001907C6 /* OverlayWindow.swift */,
				6B1BFC762322CEE10060FD13 /* Tooltip.swift */,
				6B858C1F229C996800DE6216 /* Compiler */,
				6B44E171223B406800740318 /* Formatter */,
				6B858C2C229EEEAD00DE6216 /* Language */,
				6B44E176223B40AF00740318 /* LogicElementEditor */,
				6B44E166223B3E6000740318 /* Suggestions */,
				6B44E183223B40C900740318 /* Syntax */,
			);
			path = CodeEditor;
			sourceTree = "<group>";
		};
		6B44E196223C19EF00740318 /* Utils */ = {
			isa = PBXGroup;
			children = (
				6B3414A122593E2000CC65D1 /* Array+Union.swift */,
				6B34149A2256EF2F00CC65D1 /* BundleLocator.swift */,
				6B9528D422A0C2710094D9C7 /* CSSColor.swift */,
				6BD9948C2343FCE800F3F173 /* ImageLocator.swift */,
				6BBD0C002294DA1100EB87A9 /* KeyValueCollection.swift */,
				6BBD0C012294DA1100EB87A9 /* KeyValueList.swift */,
				6B1DE40422DAB9BE00FC565E /* LightMark.swift */,
				6B44E141223B3D2200740318 /* LightMark+AppKit.swift */,
				6B00CA43232B1AF8001907C6 /* LightMark+String.swift */,
				6BB64E27230DBFFE00CE2D9E /* LRUCache.swift */,
				6B87001122ECB98A007C589C /* Memoize.swift */,
				6BBD0C0622961B9C00EB87A9 /* NameGenerator.swift */,
				6B396127231DD5E400F27CB8 /* NSBezierPath+Plus.swift */,
				6B44E18D223B411B00740318 /* NSBezierPath+Polygon.swift */,
				6BD44E5B228CEEAD0025A3C8 /* NSBezierPath+Squiggle.swift */,
				6B5A6AC522FB49BB00CA004E /* NSColor+Parsing.swift */,
				6BEEA13522A713FA00905664 /* StandardConfiguration.swift */,
			);
			path = Utils;
			sourceTree = "<group>";
		};
		6B44E197223C1A0000740318 /* Lona */ = {
			isa = PBXGroup;
			children = (
				6BC606332247DDFB003E616B /* Colors+Appearance.swift */,
				6B44E15F223B3DFF00740318 /* ForeignTypes.swift */,
				6B44E15D223B3DF300740318 /* TextStyle.swift */,
				6B44E151223B3DB700740318 /* Generated */,
			);
			path = Lona;
			sourceTree = "<group>";
		};
		6B5B7513215B198400CDC9C6 = {
			isa = PBXGroup;
			children = (
				6B5B751F215B198400CDC9C6 /* Logic */,
				6B9F9D3723049C400000A3BB /* Frameworks */,
				6B5B751E215B198400CDC9C6 /* Products */,
			);
			sourceTree = "<group>";
		};
		6B5B751E215B198400CDC9C6 /* Products */ = {
			isa = PBXGroup;
			children = (
				6B5B751D215B198400CDC9C6 /* Logic.framework */,
			);
			name = Products;
			sourceTree = "<group>";
		};
		6B5B751F215B198400CDC9C6 /* Logic */ = {
			isa = PBXGroup;
			children = (
				6B5B7520215B198400CDC9C6 /* Logic.h */,
				6B5B7521215B198400CDC9C6 /* Info.plist */,
				6B3414902254366C00CC65D1 /* LogicFile.swift */,
				6B2484EF23398E50000C5C9F /* MarkdownFile.swift */,
				6B3414982256ECD900CC65D1 /* Assets.xcassets */,
				6B00CA2F23283C5F001907C6 /* BlockEditor */,
				6B44E195223C19B100740318 /* CodeEditor */,
				6B44E163223B3E2C00740318 /* Controlled */,
				6B44E197223C1A0000740318 /* Lona */,
				6B34148B225417E500CC65D1 /* Scripting */,
				6B44E13B223B3C9000740318 /* Types */,
				6B44E196223C19EF00740318 /* Utils */,
			);
			path = Logic;
			sourceTree = "<group>";
		};
		6B5B7553215B1ABE00CDC9C6 /* Views */ = {
			isa = PBXGroup;
			children = (
				6B5B755C215B1ABE00CDC9C6 /* EntityCellView.swift */,
				6B5B755B215B1ABE00CDC9C6 /* NameCellView.swift */,
				6B5B755D215B1ABE00CDC9C6 /* TypeListEditor.swift */,
				6B5B7555215B1ABE00CDC9C6 /* TypeListHeaderView.swift */,
				6B5B7554215B1ABE00CDC9C6 /* TypeListRowView.swift */,
			);
			path = Views;
			sourceTree = "<group>";
		};
		6B5B7556215B1ABE00CDC9C6 /* Models */ = {
			isa = PBXGroup;
			children = (
				6BBD0BFA2292134700EB87A9 /* EnumType.swift */,
				6B5B7575215C38B000CDC9C6 /* GenericTypeParameterSubstitution.swift */,
				6B5B756F215C383B00CDC9C6 /* KeyedParameter.swift */,
				6BBD0C1022988ED100EB87A9 /* NativeType.swift */,
				6B5B7571215C385400CDC9C6 /* NormalTypeCaseParameter.swift */,
				6B5B7559215B1ABE00CDC9C6 /* TypeCase.swift */,
				6B5B7557215B1ABE00CDC9C6 /* TypeEntity.swift */,
				6B5B7558215B1ABE00CDC9C6 /* TypeListItem.swift */,
				6B5B7573215C387E00CDC9C6 /* TypeParameter.swift */,
			);
			path = Models;
			sourceTree = "<group>";
		};
		6B5B756B215B1C3C00CDC9C6 /* Extensions */ = {
			isa = PBXGroup;
			children = (
				6B5B756C215B1C5200CDC9C6 /* Array+Operations.swift */,
				6B4218B6223D82B10060CC9A /* NSOutlineView+Dragging.swift */,
			);
			path = Extensions;
			sourceTree = "<group>";
		};
		6B858C1F229C996800DE6216 /* Compiler */ = {
			isa = PBXGroup;
			children = (
				6B858C22229DB19200DE6216 /* Compiler.swift */,
				6B9528D722A0C9DE0094D9C7 /* Compiler+EvaluationContext.swift */,
				6B858C24229DB23400DE6216 /* Compiler+Namespace.swift */,
				6B858C26229DB29900DE6216 /* Compiler+ScopeContext.swift */,
				6B858C2A229DB35B00DE6216 /* Compiler+UnificationContext.swift */,
				6B9528D222A0B35B0094D9C7 /* LGCProgram+Imports.swift */,
				6B858C28229DB30500DE6216 /* LGCTypeAnnotation+Unification.swift */,
				6B10AC1D22A45FFB0043E46A /* LogicValue.swift */,
				6B858C20229DB13A00DE6216 /* ScopeStack.swift */,
				6BBD0BFE2294D92B00EB87A9 /* Unification.swift */,
			);
			path = Compiler;
			sourceTree = "<group>";
		};
		6B858C2C229EEEAD00DE6216 /* Language */ = {
			isa = PBXGroup;
			children = (
				6B4E25FF22E7B27000F0076A /* Color.logic */,
				6B858C2D229EEEAD00DE6216 /* Prelude.logic */,
				6B4E260122E7B39500F0076A /* Shadow.logic */,
				6B4E25FD22E7A55000F0076A /* TextStyle.logic */,
				6B858C31229EF3A300DE6216 /* Library.swift */,
				6B10AC1B22A45FD00043E46A /* LogicValue+AppKit.swift */,
				6B10AC2122A462630043E46A /* LogicValue+Core.swift */,
				6B10AC1F22A461B90043E46A /* Unification+Core.swift */,
			);
			path = Language;
			sourceTree = "<group>";
		};
		6B9F9D3723049C400000A3BB /* Frameworks */ = {
			isa = PBXGroup;
			children = (
				6B6F19D2230B3E1200E5AC60 /* Colors.framework */,
				6B00CA47232C280B001907C6 /* Differ.framework */,
				6B9F9D3A23049D140000A3BB /* SwiftGraph.framework */,
			);
			name = Frameworks;
			sourceTree = "<group>";
		};
		6BFA8A532332B0460016FC7B /* assets */ = {
			isa = PBXGroup;
			children = (
				6B0F9463233EBBE9007C115E /* menu-thumbnail-divider.png */,
				6BD9948E2343FF5F00F3F173 /* menu-thumbnail-function.png */,
				6BFA8A542332B0460016FC7B /* menu-thumbnail-h1.png */,
				6BFA8A552332B0460016FC7B /* menu-thumbnail-h2.png */,
				6BFA8A562332B0460016FC7B /* menu-thumbnail-h3.png */,
				6B0F9464233EBBE9007C115E /* menu-thumbnail-image.png */,
				6BD9948F2343FF6000F3F173 /* menu-thumbnail-new-value.png */,
				6BFA8A582332B0460016FC7B /* menu-thumbnail-paragraph.png */,
				6BFA8A572332B0460016FC7B /* menu-thumbnail-tokens.png */,
				6BD994902343FF6000F3F173 /* menu-thumbnail-variable.png */,
			);
			path = assets;
			sourceTree = "<group>";
		};
/* End PBXGroup section */

/* Begin PBXHeadersBuildPhase section */
		6B5B7518215B198400CDC9C6 /* Headers */ = {
			isa = PBXHeadersBuildPhase;
			buildActionMask = 2147483647;
			files = (
				6B5B7522215B198400CDC9C6 /* Logic.h in Headers */,
			);
			runOnlyForDeploymentPostprocessing = 0;
		};
/* End PBXHeadersBuildPhase section */

/* Begin PBXNativeTarget section */
		6B5B751C215B198400CDC9C6 /* Logic */ = {
			isa = PBXNativeTarget;
			buildConfigurationList = 6B5B7525215B198400CDC9C6 /* Build configuration list for PBXNativeTarget "Logic" */;
			buildPhases = (
				6B5B7518215B198400CDC9C6 /* Headers */,
				6B5B7519215B198400CDC9C6 /* Sources */,
				6B5B751A215B198400CDC9C6 /* Frameworks */,
				6B5B751B215B198400CDC9C6 /* Resources */,
			);
			buildRules = (
			);
			dependencies = (
			);
			name = Logic;
			productName = Logic;
			productReference = 6B5B751D215B198400CDC9C6 /* Logic.framework */;
			productType = "com.apple.product-type.framework";
		};
/* End PBXNativeTarget section */

/* Begin PBXProject section */
		6B5B7514215B198400CDC9C6 /* Project object */ = {
			isa = PBXProject;
			attributes = {
				LastUpgradeCheck = 1000;
				ORGANIZATIONNAME = "BitDisco, Inc";
				TargetAttributes = {
					6B5B751C215B198400CDC9C6 = {
						CreatedOnToolsVersion = 10.0;
						LastSwiftMigration = 1020;
					};
				};
			};
			buildConfigurationList = 6B5B7517215B198400CDC9C6 /* Build configuration list for PBXProject "Logic" */;
			compatibilityVersion = "Xcode 9.3";
			developmentRegion = en;
			hasScannedForEncodings = 0;
			knownRegions = (
				en,
			);
			mainGroup = 6B5B7513215B198400CDC9C6;
			productRefGroup = 6B5B751E215B198400CDC9C6 /* Products */;
			projectDirPath = "";
			projectRoot = "";
			targets = (
				6B5B751C215B198400CDC9C6 /* Logic */,
			);
		};
/* End PBXProject section */

/* Begin PBXResourcesBuildPhase section */
		6B5B751B215B198400CDC9C6 /* Resources */ = {
			isa = PBXResourcesBuildPhase;
			buildActionMask = 2147483647;
			files = (
				6B858C2E229EEEAD00DE6216 /* Prelude.logic in Resources */,
				6BFA8A5D2332B0460016FC7B /* menu-thumbnail-paragraph.png in Resources */,
				6B4E25FE22E7A55000F0076A /* TextStyle.logic in Resources */,
				6B0F9465233EBBE9007C115E /* menu-thumbnail-divider.png in Resources */,
				6B4E260222E7B39500F0076A /* Shadow.logic in Resources */,
				6BFA8A592332B0460016FC7B /* menu-thumbnail-h1.png in Resources */,
				6B3414992256ECD900CC65D1 /* Assets.xcassets in Resources */,
				6BD994932343FF6000F3F173 /* menu-thumbnail-variable.png in Resources */,
				6BD994922343FF6000F3F173 /* menu-thumbnail-new-value.png in Resources */,
				6BFA8A5A2332B0460016FC7B /* menu-thumbnail-h2.png in Resources */,
				6B0F9466233EBBE9007C115E /* menu-thumbnail-image.png in Resources */,
				6BFA8A5B2332B0460016FC7B /* menu-thumbnail-h3.png in Resources */,
				6BFA8A5C2332B0460016FC7B /* menu-thumbnail-tokens.png in Resources */,
				6B4E260022E7B27000F0076A /* Color.logic in Resources */,
				6B34148F225418D800CC65D1 /* lona-serialization.umd.js in Resources */,
				6BD994912343FF6000F3F173 /* menu-thumbnail-function.png in Resources */,
			);
			runOnlyForDeploymentPostprocessing = 0;
		};
/* End PBXResourcesBuildPhase section */

/* Begin PBXSourcesBuildPhase section */
		6B5B7519215B198400CDC9C6 /* Sources */ = {
			isa = PBXSourcesBuildPhase;
			buildActionMask = 2147483647;
			files = (
				6B3414B6225D68E100CC65D1 /* ColorRow.swift in Sources */,
				6B44E17A223B40BA00740318 /* LogicMeasuredElement.swift in Sources */,
				6B44E160223B3DFF00740318 /* ForeignTypes.swift in Sources */,
				6B6F19DD230B56C900E5AC60 /* LGCSyntax+Dragging.swift in Sources */,
				6BEEA13622A713FA00905664 /* StandardConfiguration.swift in Sources */,
				6BD9949923443CC100F3F173 /* MDXSyntax.swift in Sources */,
				6B44E15E223B3DF300740318 /* TextStyle.swift in Sources */,
				6B4218B4223C2E440060CC9A /* Formatter+LogicElement.swift in Sources */,
				6B44E178223B40BA00740318 /* LogicElement.swift in Sources */,
				6BD9948D2343FCE800F3F173 /* ImageLocator.swift in Sources */,
				6BBD0C0722961B9C00EB87A9 /* NameGenerator.swift in Sources */,
				6B858C21229DB13A00DE6216 /* ScopeStack.swift in Sources */,
				6BEEA13322A6E93700905664 /* SyntaxNodeFormattable.swift in Sources */,
				6B44E156223B3DD000740318 /* LonaViewModel.swift in Sources */,
				6BC2D44E2263B7AE003A9F63 /* TextStyleRow.swift in Sources */,
				6B1BFC772322CEE10060FD13 /* Tooltip.swift in Sources */,
				6B87001422ED12F8007C589C /* MinimapScroller.swift in Sources */,
				6BBD0BFB2292134700EB87A9 /* EnumType.swift in Sources */,
				6B3414A222593E2000CC65D1 /* Array+Union.swift in Sources */,
				6B44E158223B3DD000740318 /* Shadows.swift in Sources */,
				6B44E144223B3D9000740318 /* LightMark+AppKit.swift in Sources */,
				6B0F9460233E9CD5007C115E /* EditableBlock.swift in Sources */,
				6B5B7574215C387E00CDC9C6 /* TypeParameter.swift in Sources */,
				6B44E154223B3DD000740318 /* LNAImageView.swift in Sources */,
				6B10AC1C22A45FD00043E46A /* LogicValue+AppKit.swift in Sources */,
				6B858C29229DB30500DE6216 /* LGCTypeAnnotation+Unification.swift in Sources */,
				6B44E190223B494600740318 /* LogicEditor.swift in Sources */,
				6B44E15C223B3DDA00740318 /* ResultSectionHeader.swift in Sources */,
				6BBD0BF92291FF1500EB87A9 /* LGCSyntax+Traversal.swift in Sources */,
				6B44E15B223B3DDA00740318 /* ResultRow.swift in Sources */,
				6B44E185223B40CF00740318 /* LGCSyntax.swift in Sources */,
				6B44E18E223B411C00740318 /* NSBezierPath+Polygon.swift in Sources */,
				6B44E189223B40CF00740318 /* LGCSyntax+Suggestions.swift in Sources */,
				6B34149322554A5500CC65D1 /* LGCSyntax+Init.swift in Sources */,
				6B396128231DD5E400F27CB8 /* NSBezierPath+Plus.swift in Sources */,
				6B44E184223B40CF00740318 /* LGCList+Sequence.swift in Sources */,
				6B5B755E215B1ABE00CDC9C6 /* TypeListRowView.swift in Sources */,
				6BBD0C032294DA1200EB87A9 /* KeyValueList.swift in Sources */,
				6B34149B2256EF2F00CC65D1 /* BundleLocator.swift in Sources */,
				6B44E18A223B40CF00740318 /* SyntaxNodeProtocol.swift in Sources */,
				6B39612A2321C39100F27CB8 /* SyntaxNodeContext.swift in Sources */,
				6B858C30229EEEEB00DE6216 /* LGCProgram+Builders.swift in Sources */,
				6B44E153223B3DD000740318 /* Colors.swift in Sources */,
				6B00CA3E232AA3C4001907C6 /* OverlayWindow.swift in Sources */,
				6BF7795922D24EE1009A4119 /* FilterLabel.swift in Sources */,
				6B44E192223C0F6000740318 /* SuggestionListItem.swift in Sources */,
				6B00CA3A2328565C001907C6 /* InlineToolbar.swift in Sources */,
				6B00CA31232841F6001907C6 /* TextBlockView.swift in Sources */,
				6B9528D322A0B35B0094D9C7 /* LGCProgram+Imports.swift in Sources */,
				6B00CA44232B1AF8001907C6 /* LightMark+String.swift in Sources */,
				6B10AC2022A461B90043E46A /* Unification+Core.swift in Sources */,
				6B5B7562215B1ABE00CDC9C6 /* TypeCase.swift in Sources */,
				6B44759F22AED58E009AE087 /* Divider.swift in Sources */,
				6B5B755F215B1ABE00CDC9C6 /* TypeListHeaderView.swift in Sources */,
				6B5A6AC622FB49BB00CA004E /* NSColor+Parsing.swift in Sources */,
				6B44E16B223B3E9E00740318 /* SuggestionListView.swift in Sources */,
				6B44E186223B40CF00740318 /* LGCSyntax+Documentation.swift in Sources */,
				6B5B7572215C385400CDC9C6 /* NormalTypeCaseParameter.swift in Sources */,
				6B44E15A223B3DDA00740318 /* SuggestionView.swift in Sources */,
				6B00CA46232BEB1F001907C6 /* BlockListView.swift in Sources */,
				6B00CA3823285296001907C6 /* InlineToolbarWindow.swift in Sources */,
				6B858C23229DB19200DE6216 /* Compiler.swift in Sources */,
				6B858C2B229DB35B00DE6216 /* Compiler+UnificationContext.swift in Sources */,
				6B44E194223C146400740318 /* Formatter+Test.swift in Sources */,
				6BB64E28230DBFFE00CE2D9E /* LRUCache.swift in Sources */,
				6B5B756D215B1C5200CDC9C6 /* Array+Operations.swift in Sources */,
				6B5B7570215C383B00CDC9C6 /* KeyedParameter.swift in Sources */,
				6B3414A02258154500CC65D1 /* SyntaxNodePlaceholdable.swift in Sources */,
				6B87001222ECB98A007C589C /* Memoize.swift in Sources */,
				6B4218CC223EEEAD0060CC9A /* LGCList+SyntaxNode.swift in Sources */,
				6B2484F023398E50000C5C9F /* MarkdownFile.swift in Sources */,
				6B34148D225417F800CC65D1 /* JavaScript.swift in Sources */,
				6B858C27229DB29900DE6216 /* Compiler+ScopeContext.swift in Sources */,
				6B39612C2321CDA900F27CB8 /* FormatterContext.swift in Sources */,
				6B0F945C233E904B007C115E /* DividerBlock.swift in Sources */,
				6B5B7576215C38B000CDC9C6 /* GenericTypeParameterSubstitution.swift in Sources */,
				6B9528D522A0C2710094D9C7 /* CSSColor.swift in Sources */,
				6B4218B7223D82B10060CC9A /* NSOutlineView+Dragging.swift in Sources */,
				6B44759D22AED136009AE087 /* InfoBar.swift in Sources */,
				6B44E157223B3DD000740318 /* NSImage+Resizing.swift in Sources */,
				6B0F945E233E9C81007C115E /* ImageBlock.swift in Sources */,
				6B00CA40232B0091001907C6 /* BlockEditor.swift in Sources */,
				6B5B7566215B1ABE00CDC9C6 /* TypeListEditor.swift in Sources */,
				6B44E16D223B3E9E00740318 /* SuggestionDetailView.swift in Sources */,
				6BBD0C1122988ED100EB87A9 /* NativeType.swift in Sources */,
				6B00CA52232D797A001907C6 /* AttributedTextView.swift in Sources */,
				6B44E155223B3DD000740318 /* LNATextField.swift in Sources */,
				6B44E18C223B40F100740318 /* SuggestionWindow.swift in Sources */,
				6B10AC1E22A45FFB0043E46A /* LogicValue.swift in Sources */,
				6B5B7564215B1ABE00CDC9C6 /* NameCellView.swift in Sources */,
				6BBD0BFF2294D92B00EB87A9 /* Unification.swift in Sources */,
				6B858C25229DB23400DE6216 /* Compiler+Namespace.swift in Sources */,
				6BBD0C0F2298759F00EB87A9 /* LGCExpression+Builders.swift in Sources */,
				6BEEA13122A6E6EF00905664 /* LGCSyntax+Range.swift in Sources */,
				6B1DE40522DAB9BE00FC565E /* LightMark.swift in Sources */,
				6B9528D822A0C9DE0094D9C7 /* Compiler+EvaluationContext.swift in Sources */,
				6B10AC2222A462630043E46A /* LogicValue+Core.swift in Sources */,
				6B44E165223B3E3C00740318 /* ControlledDropdown.swift in Sources */,
				6BD44E5C228CEEAD0025A3C8 /* NSBezierPath+Squiggle.swift in Sources */,
				6B0F9462233EA0EE007C115E /* OverflowMenuButton.swift in Sources */,
				6BBD0C022294DA1200EB87A9 /* KeyValueCollection.swift in Sources */,
				6B858C32229EF3A300DE6216 /* Library.swift in Sources */,
				6B44E159223B3DD000740318 /* TextStyles.swift in Sources */,
				6B00CA3C2329C247001907C6 /* InlineTextTrait.swift in Sources */,
				6B44E152223B3DD000740318 /* CGSize+Resizing.swift in Sources */,
				6B44E164223B3E3C00740318 /* ControlledSearchInput.swift in Sources */,
				6B00CA35232847E1001907C6 /* ControlledTextField.swift in Sources */,
				6B5B7561215B1ABE00CDC9C6 /* TypeListItem.swift in Sources */,
				6B3414912254366C00CC65D1 /* LogicFile.swift in Sources */,
				6BBD0C132298945D00EB87A9 /* LGCSyntax+Selection.swift in Sources */,
				6BC606342247DDFB003E616B /* Colors+Appearance.swift in Sources */,
				6B44E177223B40BA00740318 /* LogicCanvasView.swift in Sources */,
				6B5B7560215B1ABE00CDC9C6 /* TypeEntity.swift in Sources */,
				6B5B7565215B1ABE00CDC9C6 /* EntityCellView.swift in Sources */,
				6B44E17B223B40BD00740318 /* Formatter.swift in Sources */,
			);
			runOnlyForDeploymentPostprocessing = 0;
		};
/* End PBXSourcesBuildPhase section */

/* Begin XCBuildConfiguration section */
		6B5B7523215B198400CDC9C6 /* Debug */ = {
			isa = XCBuildConfiguration;
			buildSettings = {
				ALWAYS_SEARCH_USER_PATHS = NO;
				CLANG_ANALYZER_NONNULL = YES;
				CLANG_ANALYZER_NUMBER_OBJECT_CONVERSION = YES_AGGRESSIVE;
				CLANG_CXX_LANGUAGE_STANDARD = "gnu++14";
				CLANG_CXX_LIBRARY = "libc++";
				CLANG_ENABLE_MODULES = YES;
				CLANG_ENABLE_OBJC_ARC = YES;
				CLANG_ENABLE_OBJC_WEAK = YES;
				CLANG_WARN_BLOCK_CAPTURE_AUTORELEASING = YES;
				CLANG_WARN_BOOL_CONVERSION = YES;
				CLANG_WARN_COMMA = YES;
				CLANG_WARN_CONSTANT_CONVERSION = YES;
				CLANG_WARN_DEPRECATED_OBJC_IMPLEMENTATIONS = YES;
				CLANG_WARN_DIRECT_OBJC_ISA_USAGE = YES_ERROR;
				CLANG_WARN_DOCUMENTATION_COMMENTS = YES;
				CLANG_WARN_EMPTY_BODY = YES;
				CLANG_WARN_ENUM_CONVERSION = YES;
				CLANG_WARN_INFINITE_RECURSION = YES;
				CLANG_WARN_INT_CONVERSION = YES;
				CLANG_WARN_NON_LITERAL_NULL_CONVERSION = YES;
				CLANG_WARN_OBJC_IMPLICIT_RETAIN_SELF = YES;
				CLANG_WARN_OBJC_LITERAL_CONVERSION = YES;
				CLANG_WARN_OBJC_ROOT_CLASS = YES_ERROR;
				CLANG_WARN_RANGE_LOOP_ANALYSIS = YES;
				CLANG_WARN_STRICT_PROTOTYPES = YES;
				CLANG_WARN_SUSPICIOUS_MOVE = YES;
				CLANG_WARN_UNGUARDED_AVAILABILITY = YES_AGGRESSIVE;
				CLANG_WARN_UNREACHABLE_CODE = YES;
				CLANG_WARN__DUPLICATE_METHOD_MATCH = YES;
				CODE_SIGN_IDENTITY = "Mac Developer";
				COPY_PHASE_STRIP = NO;
				CURRENT_PROJECT_VERSION = 1;
				DEBUG_INFORMATION_FORMAT = dwarf;
				ENABLE_STRICT_OBJC_MSGSEND = YES;
				ENABLE_TESTABILITY = YES;
				GCC_C_LANGUAGE_STANDARD = gnu11;
				GCC_DYNAMIC_NO_PIC = NO;
				GCC_NO_COMMON_BLOCKS = YES;
				GCC_OPTIMIZATION_LEVEL = 0;
				GCC_PREPROCESSOR_DEFINITIONS = (
					"DEBUG=1",
					"$(inherited)",
				);
				GCC_WARN_64_TO_32_BIT_CONVERSION = YES;
				GCC_WARN_ABOUT_RETURN_TYPE = YES_ERROR;
				GCC_WARN_UNDECLARED_SELECTOR = YES;
				GCC_WARN_UNINITIALIZED_AUTOS = YES_AGGRESSIVE;
				GCC_WARN_UNUSED_FUNCTION = YES;
				GCC_WARN_UNUSED_VARIABLE = YES;
				MACOSX_DEPLOYMENT_TARGET = 10.12;
				MTL_ENABLE_DEBUG_INFO = INCLUDE_SOURCE;
				MTL_FAST_MATH = YES;
				ONLY_ACTIVE_ARCH = YES;
				SDKROOT = macosx;
				SWIFT_ACTIVE_COMPILATION_CONDITIONS = DEBUG;
				SWIFT_OPTIMIZATION_LEVEL = "-Onone";
				VERSIONING_SYSTEM = "apple-generic";
				VERSION_INFO_PREFIX = "";
			};
			name = Debug;
		};
		6B5B7524215B198400CDC9C6 /* Release */ = {
			isa = XCBuildConfiguration;
			buildSettings = {
				ALWAYS_SEARCH_USER_PATHS = NO;
				CLANG_ANALYZER_NONNULL = YES;
				CLANG_ANALYZER_NUMBER_OBJECT_CONVERSION = YES_AGGRESSIVE;
				CLANG_CXX_LANGUAGE_STANDARD = "gnu++14";
				CLANG_CXX_LIBRARY = "libc++";
				CLANG_ENABLE_MODULES = YES;
				CLANG_ENABLE_OBJC_ARC = YES;
				CLANG_ENABLE_OBJC_WEAK = YES;
				CLANG_WARN_BLOCK_CAPTURE_AUTORELEASING = YES;
				CLANG_WARN_BOOL_CONVERSION = YES;
				CLANG_WARN_COMMA = YES;
				CLANG_WARN_CONSTANT_CONVERSION = YES;
				CLANG_WARN_DEPRECATED_OBJC_IMPLEMENTATIONS = YES;
				CLANG_WARN_DIRECT_OBJC_ISA_USAGE = YES_ERROR;
				CLANG_WARN_DOCUMENTATION_COMMENTS = YES;
				CLANG_WARN_EMPTY_BODY = YES;
				CLANG_WARN_ENUM_CONVERSION = YES;
				CLANG_WARN_INFINITE_RECURSION = YES;
				CLANG_WARN_INT_CONVERSION = YES;
				CLANG_WARN_NON_LITERAL_NULL_CONVERSION = YES;
				CLANG_WARN_OBJC_IMPLICIT_RETAIN_SELF = YES;
				CLANG_WARN_OBJC_LITERAL_CONVERSION = YES;
				CLANG_WARN_OBJC_ROOT_CLASS = YES_ERROR;
				CLANG_WARN_RANGE_LOOP_ANALYSIS = YES;
				CLANG_WARN_STRICT_PROTOTYPES = YES;
				CLANG_WARN_SUSPICIOUS_MOVE = YES;
				CLANG_WARN_UNGUARDED_AVAILABILITY = YES_AGGRESSIVE;
				CLANG_WARN_UNREACHABLE_CODE = YES;
				CLANG_WARN__DUPLICATE_METHOD_MATCH = YES;
				CODE_SIGN_IDENTITY = "Mac Developer";
				COPY_PHASE_STRIP = NO;
				CURRENT_PROJECT_VERSION = 1;
				DEBUG_INFORMATION_FORMAT = "dwarf-with-dsym";
				ENABLE_NS_ASSERTIONS = NO;
				ENABLE_STRICT_OBJC_MSGSEND = YES;
				GCC_C_LANGUAGE_STANDARD = gnu11;
				GCC_NO_COMMON_BLOCKS = YES;
				GCC_WARN_64_TO_32_BIT_CONVERSION = YES;
				GCC_WARN_ABOUT_RETURN_TYPE = YES_ERROR;
				GCC_WARN_UNDECLARED_SELECTOR = YES;
				GCC_WARN_UNINITIALIZED_AUTOS = YES_AGGRESSIVE;
				GCC_WARN_UNUSED_FUNCTION = YES;
				GCC_WARN_UNUSED_VARIABLE = YES;
				MACOSX_DEPLOYMENT_TARGET = 10.12;
				MTL_ENABLE_DEBUG_INFO = NO;
				MTL_FAST_MATH = YES;
				SDKROOT = macosx;
				SWIFT_COMPILATION_MODE = wholemodule;
				SWIFT_OPTIMIZATION_LEVEL = "-O";
				VERSIONING_SYSTEM = "apple-generic";
				VERSION_INFO_PREFIX = "";
			};
			name = Release;
		};
		6B5B7526215B198400CDC9C6 /* Debug */ = {
			isa = XCBuildConfiguration;
			buildSettings = {
				CODE_SIGN_IDENTITY = "";
				CODE_SIGN_STYLE = Automatic;
				COMBINE_HIDPI_IMAGES = YES;
				DEFINES_MODULE = YES;
				DEVELOPMENT_TEAM = "";
				DYLIB_COMPATIBILITY_VERSION = 1;
				DYLIB_CURRENT_VERSION = 1;
				DYLIB_INSTALL_NAME_BASE = "@rpath";
				FRAMEWORK_SEARCH_PATHS = (
					"$(inherited)",
					"$(SOURCE_ROOT)/../Carthage/Build/Mac",
				);
				FRAMEWORK_VERSION = A;
				INFOPLIST_FILE = Logic/Info.plist;
				INSTALL_PATH = "$(LOCAL_LIBRARY_DIR)/Frameworks";
				LD_RUNPATH_SEARCH_PATHS = (
					"$(inherited)",
					"@executable_path/../Frameworks",
					"@loader_path/Frameworks",
				);
				MACOSX_DEPLOYMENT_TARGET = 10.13;
				PRODUCT_BUNDLE_IDENTIFIER = com.devinabbott.Logic;
				PRODUCT_NAME = "$(TARGET_NAME:c99extidentifier)";
				SKIP_INSTALL = YES;
				SWIFT_VERSION = 5.0;
			};
			name = Debug;
		};
		6B5B7527215B198400CDC9C6 /* Release */ = {
			isa = XCBuildConfiguration;
			buildSettings = {
				CODE_SIGN_IDENTITY = "";
				CODE_SIGN_STYLE = Automatic;
				COMBINE_HIDPI_IMAGES = YES;
				DEFINES_MODULE = YES;
				DEVELOPMENT_TEAM = "";
				DYLIB_COMPATIBILITY_VERSION = 1;
				DYLIB_CURRENT_VERSION = 1;
				DYLIB_INSTALL_NAME_BASE = "@rpath";
				FRAMEWORK_SEARCH_PATHS = (
					"$(inherited)",
					"$(SOURCE_ROOT)/../Carthage/Build/Mac",
				);
				FRAMEWORK_VERSION = A;
				INFOPLIST_FILE = Logic/Info.plist;
				INSTALL_PATH = "$(LOCAL_LIBRARY_DIR)/Frameworks";
				LD_RUNPATH_SEARCH_PATHS = (
					"$(inherited)",
					"@executable_path/../Frameworks",
					"@loader_path/Frameworks",
				);
				MACOSX_DEPLOYMENT_TARGET = 10.13;
				PRODUCT_BUNDLE_IDENTIFIER = com.devinabbott.Logic;
				PRODUCT_NAME = "$(TARGET_NAME:c99extidentifier)";
				SKIP_INSTALL = YES;
				SWIFT_VERSION = 5.0;
			};
			name = Release;
		};
/* End XCBuildConfiguration section */

/* Begin XCConfigurationList section */
		6B5B7517215B198400CDC9C6 /* Build configuration list for PBXProject "Logic" */ = {
			isa = XCConfigurationList;
			buildConfigurations = (
				6B5B7523215B198400CDC9C6 /* Debug */,
				6B5B7524215B198400CDC9C6 /* Release */,
			);
			defaultConfigurationIsVisible = 0;
			defaultConfigurationName = Release;
		};
		6B5B7525215B198400CDC9C6 /* Build configuration list for PBXNativeTarget "Logic" */ = {
			isa = XCConfigurationList;
			buildConfigurations = (
				6B5B7526215B198400CDC9C6 /* Debug */,
				6B5B7527215B198400CDC9C6 /* Release */,
			);
			defaultConfigurationIsVisible = 0;
			defaultConfigurationName = Release;
		};
/* End XCConfigurationList section */
	};
	rootObject = 6B5B7514215B198400CDC9C6 /* Project object */;
}
