# THIS IS AN AUTOGENERATED FILE. DO NOT EDIT THIS FILE DIRECTLY.
# yarn lockfile v1


"@lona/serialization@0.0.3":
  version "0.0.3"
  resolved "https://registry.yarnpkg.com/@lona/serialization/-/serialization-0.0.3.tgz#202620be7fda3751e85a4e2af6f471284c7e258c"
  integrity sha512-4JioCZrOC70sJb/9On6okNFCCitVK7rt2xkxGbkjmqYHRTO8OtoedS1nxELl4n3fcfi9ueOkfxjXNSqKLyOFGQ==
  dependencies:
    json-stable-stringify "^1.0.1"
    uuid "^3.3.2"
    xml2js "^0.4.19"
    xmlbuilder "^12.0.0"

clean-deep@3.0.2:
  version "3.0.2"
  resolved "https://registry.yarnpkg.com/clean-deep/-/clean-deep-3.0.2.tgz#1b7096822f289cc491ca6d85af5c028cbb22fc23"
  dependencies:
    lodash.isempty "^4.4.0"
    lodash.isplainobject "^4.0.6"
    lodash.transform "^4.6.0"

deep-rename-keys@^0.2.1:
  version "0.2.1"
  resolved "https://registry.yarnpkg.com/deep-rename-keys/-/deep-rename-keys-0.2.1.tgz#ede78537d7a66a2be61517e2af956d7f58a3f1d8"
  dependencies:
    kind-of "^3.0.2"
    rename-keys "^1.1.2"

eventemitter3@^2.0.0:
  version "2.0.3"
  resolved "https://registry.yarnpkg.com/eventemitter3/-/eventemitter3-2.0.3.tgz#b5e1079b59fb5e1ba2771c0a993be060a58c99ba"

fast-extend@0.0.2:
  version "0.0.2"
  resolved "https://registry.yarnpkg.com/fast-extend/-/fast-extend-0.0.2.tgz#f5ec42cf40b9460f521a6387dfb52deeed671dbd"

fs-monkey@^0.3.3:
  version "0.3.3"
  resolved "https://registry.yarnpkg.com/fs-monkey/-/fs-monkey-0.3.3.tgz#7960bb2b1fa2653731b9d0e2e84812a7e8b3664a"

get-value@^2.0.3:
  version "2.0.6"
  resolved "https://registry.yarnpkg.com/get-value/-/get-value-2.0.6.tgz#dc15ca1c672387ca76bd37ac0a395ba2042a2c28"

has-value@^0.3.1:
  version "0.3.1"
  resolved "https://registry.yarnpkg.com/has-value/-/has-value-0.3.1.tgz#7b1f58bada62ca827ec0a2078025654845995e1f"
  dependencies:
    get-value "^2.0.3"
    has-values "^0.1.4"
    isobject "^2.0.0"

has-values@^0.1.4:
  version "0.1.4"
  resolved "https://registry.yarnpkg.com/has-values/-/has-values-0.1.4.tgz#6d61de95d91dfca9b9a02089ad384bff8f62b771"

is-buffer@^1.1.5:
  version "1.1.6"
  resolved "https://registry.yarnpkg.com/is-buffer/-/is-buffer-1.1.6.tgz#efaa2ea9daa0d7ab2ea13a97b2b8ad51fefbe8be"

is-plain-object@^2.0.1:
  version "2.0.4"
  resolved "https://registry.yarnpkg.com/is-plain-object/-/is-plain-object-2.0.4.tgz#2c163b3fafb1b606d9d17928f05c2a1c38e07677"
  dependencies:
    isobject "^3.0.1"

isarray@1.0.0:
  version "1.0.0"
  resolved "https://registry.yarnpkg.com/isarray/-/isarray-1.0.0.tgz#bb935d48582cba168c06834957a54a3e07124f11"

isobject@^2.0.0:
  version "2.1.0"
  resolved "https://registry.yarnpkg.com/isobject/-/isobject-2.1.0.tgz#f065561096a3f1da2ef46272f815c840d87e0c89"
  dependencies:
    isarray "1.0.0"

isobject@^3.0.0, isobject@^3.0.1:
  version "3.0.1"
  resolved "https://registry.yarnpkg.com/isobject/-/isobject-3.0.1.tgz#4e431e92b11a9731636aa1f9c8d1ccbcfdab78df"

json-stable-stringify@^1.0.1:
  version "1.0.1"
  resolved "https://registry.yarnpkg.com/json-stable-stringify/-/json-stable-stringify-1.0.1.tgz#9a759d39c5f2ff503fd5300646ed445f88c4f9af"
  integrity sha1-mnWdOcXy/1A/1TAGRu1EX4jE+a8=
  dependencies:
    jsonify "~0.0.0"

jsonify@~0.0.0:
  version "0.0.0"
  resolved "https://registry.yarnpkg.com/jsonify/-/jsonify-0.0.0.tgz#2c74b6ee41d93ca51b7b5aaee8f503631d252a73"
  integrity sha1-LHS27kHZPKUbe1qu6PUDYx0lKnM=

kind-of@^3.0.2:
  version "3.2.2"
  resolved "https://registry.yarnpkg.com/kind-of/-/kind-of-3.2.2.tgz#31ea21a734bab9bbb0f32466d893aea51e4a3c64"
  dependencies:
    is-buffer "^1.1.5"

lodash.isempty@^4.4.0:
  version "4.4.0"
  resolved "https://registry.yarnpkg.com/lodash.isempty/-/lodash.isempty-4.4.0.tgz#6f86cbedd8be4ec987be9aaf33c9684db1b31e7e"

lodash.isplainobject@^4.0.6:
  version "4.0.6"
  resolved "https://registry.yarnpkg.com/lodash.isplainobject/-/lodash.isplainobject-4.0.6.tgz#7c526a52d89b45c45cc690b88163be0497f550cb"

lodash.lowerfirst@^4.3.1:
  version "4.3.1"
  resolved "https://registry.yarnpkg.com/lodash.lowerfirst/-/lodash.lowerfirst-4.3.1.tgz#de3c7b12e02c6524a0059c2f6cb7c5c52655a13d"
  integrity sha1-3jx7EuAsZSSgBZwvbLfFxSZVoT0=

lodash.snakecase@^4.1.1:
  version "4.1.1"
  resolved "https://registry.yarnpkg.com/lodash.snakecase/-/lodash.snakecase-4.1.1.tgz#39d714a35357147837aefd64b5dcbb16becd8f8d"

lodash.transform@^4.6.0:
  version "4.6.0"
  resolved "https://registry.yarnpkg.com/lodash.transform/-/lodash.transform-4.6.0.tgz#12306422f63324aed8483d3f38332b5f670547a0"

lonac@^0.6.0:
  version "0.6.0"
  resolved "https://registry.yarnpkg.com/lonac/-/lonac-0.6.0.tgz#70c2cc2bdb181bd54eb4a36a0f3672986a08c387"
  integrity sha512-PipSZK6pivvJjrU68JBUuYcd3rK+J+/nwMr5UZKLWl+xHNiC379bFEJfZq1/LBvoRtBJcNxuMZewAUb8boU5Rg==
  dependencies:
    "@lona/serialization" "0.0.3"
    lodash.lowerfirst "^4.3.1"
    lodash.snakecase "^4.1.1"
    memfs "^2.8.0"
    svg-transform-parser "^0.0.1"
    svgpath "^2.2.1"
    svgson-next "^4.1.6"

memfs@^2.8.0:
  version "2.15.2"
  resolved "https://registry.yarnpkg.com/memfs/-/memfs-2.15.2.tgz#199b64580cf849ea641d8fac81d96742bfebd26d"
  dependencies:
    fast-extend "0.0.2"
    fs-monkey "^0.3.3"

omit-deep@0.3.0:
  version "0.3.0"
  resolved "https://registry.yarnpkg.com/omit-deep/-/omit-deep-0.3.0.tgz#21c8af3499bcadd29651a232cbcacbc52445ebec"
  dependencies:
    is-plain-object "^2.0.1"
    unset-value "^0.1.1"

rename-keys@^1.1.2:
  version "1.2.0"
  resolved "https://registry.yarnpkg.com/rename-keys/-/rename-keys-1.2.0.tgz#be602fb0b750476b513ebe85ba4465d03254f0a3"

sax@>=0.6.0:
  version "1.2.4"
  resolved "https://registry.yarnpkg.com/sax/-/sax-1.2.4.tgz#2816234e2378bddc4e5354fab5caa895df7100d9"
  integrity sha512-NqVDv9TpANUjFm0N8uM5GxL36UgKi9/atZw+x7YFnQ8ckwFGKrl4xX4yWtrey3UJm5nP1kUbnYgLopqWNSRhWw==

svg-transform-parser@^0.0.1:
  version "0.0.1"
  resolved "https://registry.yarnpkg.com/svg-transform-parser/-/svg-transform-parser-0.0.1.tgz#2a15a3d1ab30b449dc49f8cdce1640c4def52d1d"

svgpath@^2.2.1:
  version "2.2.1"
  resolved "https://registry.yarnpkg.com/svgpath/-/svgpath-2.2.1.tgz#0834bb67c89a76472b2bd06cc101fa7b517b222c"

svgson-next@^4.1.6:
  version "4.3.0"
  resolved "https://registry.yarnpkg.com/svgson-next/-/svgson-next-4.3.0.tgz#f6226633ec3710c940bb37b432000f8a2a8a052f"
  dependencies:
    clean-deep "3.0.2"
    deep-rename-keys "^0.2.1"
    omit-deep "0.3.0"
    xml-reader "2.4.3"

unset-value@^0.1.1:
  version "0.1.2"
  resolved "https://registry.yarnpkg.com/unset-value/-/unset-value-0.1.2.tgz#506810b867f27c2a5a6e9b04833631f6de58d310"
  dependencies:
    has-value "^0.3.1"
    isobject "^3.0.0"

uuid@^3.3.2:
  version "3.3.2"
  resolved "https://registry.yarnpkg.com/uuid/-/uuid-3.3.2.tgz#1b4af4955eb3077c501c23872fc6513811587131"
  integrity sha512-yXJmeNaw3DnnKAOKJE51sL/ZaYfWJRl1pK9dr19YFCu0ObS231AB1/LbqTKRAQ5kw8A90rA6fr4riOUpTZvQZA==

xml-lexer@^0.2.2:
  version "0.2.2"
  resolved "https://registry.yarnpkg.com/xml-lexer/-/xml-lexer-0.2.2.tgz#518193a4aa334d58fc7d248b549079b89907e046"
  dependencies:
    eventemitter3 "^2.0.0"

xml-reader@2.4.3:
  version "2.4.3"
  resolved "https://registry.yarnpkg.com/xml-reader/-/xml-reader-2.4.3.tgz#9f810caf7c425a5aafb848b1c45103c9e71d7530"
  dependencies:
    eventemitter3 "^2.0.0"
    xml-lexer "^0.2.2"

xml2js@^0.4.19:
  version "0.4.19"
  resolved "https://registry.yarnpkg.com/xml2js/-/xml2js-0.4.19.tgz#686c20f213209e94abf0d1bcf1efaa291c7827a7"
  integrity sha512-esZnJZJOiJR9wWKMyuvSE1y6Dq5LCuJanqhxslH2bxM6duahNZ+HMpCLhBQGZkbX6xRf8x1Y2eJlgt2q3qo49Q==
  dependencies:
    sax ">=0.6.0"
    xmlbuilder "~9.0.1"

xmlbuilder@^12.0.0:
  version "12.0.1"
  resolved "https://registry.yarnpkg.com/xmlbuilder/-/xmlbuilder-12.0.1.tgz#885f0ab731e0c9bfd4970381513760131cc71a25"
  integrity sha512-rRjf/JR+sEMqU2o6WEA+iR/YRIegH3P35eiQuCsT1YfZqOS+iu23azPq0igZjpBX+wa7D8gHd845kLPzow7IKg==

xmlbuilder@~9.0.1:
  version "9.0.7"
  resolved "https://registry.yarnpkg.com/xmlbuilder/-/xmlbuilder-9.0.7.tgz#132ee63d2ec5565c557e20f4c22df9aca686b10d"
  integrity sha1-Ey7mPS7FVlxVfiD0wi35rKaGsQ0=
