// !$*UTF8*$!
{
	archiveVersion = 1;
	classes = {
	};
	objectVersion = 50;
	objects = {

/* Begin PBXBuildFile section */
		6B00CA3323284411001907C6 /* MarkdownDocument.swift in Sources */ = {isa = PBXBuildFile; fileRef = 6B00CA3223284411001907C6 /* MarkdownDocument.swift */; };
		6B12C5E42218BD75005A808C /* AppDelegate.swift in Sources */ = {isa = PBXBuildFile; fileRef = 6B12C5E32218BD75005A808C /* AppDelegate.swift */; };
		6B12C5E62218BD75005A808C /* LogicDocument.swift in Sources */ = {isa = PBXBuildFile; fileRef = 6B12C5E52218BD75005A808C /* LogicDocument.swift */; };
		6B12C5EB2218BD77005A808C /* Assets.xcassets in Resources */ = {isa = PBXBuildFile; fileRef = 6B12C5EA2218BD77005A808C /* Assets.xcassets */; };
		6B12C5EE2218BD77005A808C /* MainMenu.xib in Resources */ = {isa = PBXBuildFile; fileRef = 6B12C5EC2218BD77005A808C /* MainMenu.xib */; };
		6B44E13D223B3CED00740318 /* Logic.framework in Frameworks */ = {isa = PBXBuildFile; fileRef = 6B44E13C223B3CED00740318 /* Logic.framework */; };
		6B44E13E223B3CED00740318 /* Logic.framework in Embed Frameworks */ = {isa = PBXBuildFile; fileRef = 6B44E13C223B3CED00740318 /* Logic.framework */; settings = {ATTRIBUTES = (CodeSignOnCopy, RemoveHeadersOnCopy, ); }; };
		6B6F19B32304AFFB00E5AC60 /* SwiftGraph.framework in Embed Frameworks */ = {isa = PBXBuildFile; fileRef = 6B6F19B02304AFF800E5AC60 /* SwiftGraph.framework */; settings = {ATTRIBUTES = (CodeSignOnCopy, RemoveHeadersOnCopy, ); }; };
		6B6F19B92304B00E00E5AC60 /* SwiftGraph.framework in Frameworks */ = {isa = PBXBuildFile; fileRef = 6B6F19B02304AFF800E5AC60 /* SwiftGraph.framework */; };
		6B6F19D5230B3E2300E5AC60 /* Colors.framework in Frameworks */ = {isa = PBXBuildFile; fileRef = 6B6F19D4230B3E2300E5AC60 /* Colors.framework */; };
		6B6F19D7230B3E2B00E5AC60 /* Colors.framework in Embed Frameworks */ = {isa = PBXBuildFile; fileRef = 6B6F19D4230B3E2300E5AC60 /* Colors.framework */; settings = {ATTRIBUTES = (CodeSignOnCopy, RemoveHeadersOnCopy, ); }; };
		6BF4EF5A235CC0CC00548F61 /* Differ.framework in Frameworks */ = {isa = PBXBuildFile; fileRef = 6BF4EF59235CC0CC00548F61 /* Differ.framework */; };
		6BF4EF5B235CC0E700548F61 /* Differ.framework in Embed Frameworks */ = {isa = PBXBuildFile; fileRef = 6BF4EF59235CC0CC00548F61 /* Differ.framework */; settings = {ATTRIBUTES = (CodeSignOnCopy, RemoveHeadersOnCopy, ); }; };
/* End PBXBuildFile section */

/* Begin PBXCopyFilesBuildPhase section */
		6B44E13F223B3CED00740318 /* Embed Frameworks */ = {
			isa = PBXCopyFilesBuildPhase;
			buildActionMask = 2147483647;
			dstPath = "";
			dstSubfolderSpec = 10;
			files = (
				6BF4EF5B235CC0E700548F61 /* Differ.framework in Embed Frameworks */,
				6B44E13E223B3CED00740318 /* Logic.framework in Embed Frameworks */,
				6B6F19D7230B3E2B00E5AC60 /* Colors.framework in Embed Frameworks */,
				6B6F19B32304AFFB00E5AC60 /* SwiftGraph.framework in Embed Frameworks */,
			);
			name = "Embed Frameworks";
			runOnlyForDeploymentPostprocessing = 0;
		};
/* End PBXCopyFilesBuildPhase section */

/* Begin PBXFileReference section */
		6B00CA3223284411001907C6 /* MarkdownDocument.swift */ = {isa = PBXFileReference; lastKnownFileType = sourcecode.swift; path = MarkdownDocument.swift; sourceTree = "<group>"; };
		6B12C5E02218BD75005A808C /* LogicDesigner.app */ = {isa = PBXFileReference; explicitFileType = wrapper.application; includeInIndex = 0; path = LogicDesigner.app; sourceTree = BUILT_PRODUCTS_DIR; };
		6B12C5E32218BD75005A808C /* AppDelegate.swift */ = {isa = PBXFileReference; lastKnownFileType = sourcecode.swift; path = AppDelegate.swift; sourceTree = "<group>"; };
		6B12C5E52218BD75005A808C /* LogicDocument.swift */ = {isa = PBXFileReference; lastKnownFileType = sourcecode.swift; path = LogicDocument.swift; sourceTree = "<group>"; };
		6B12C5EA2218BD77005A808C /* Assets.xcassets */ = {isa = PBXFileReference; lastKnownFileType = folder.assetcatalog; path = Assets.xcassets; sourceTree = "<group>"; };
		6B12C5ED2218BD77005A808C /* Base */ = {isa = PBXFileReference; lastKnownFileType = file.xib; name = Base; path = Base.lproj/MainMenu.xib; sourceTree = "<group>"; };
		6B12C5EF2218BD77005A808C /* Info.plist */ = {isa = PBXFileReference; lastKnownFileType = text.plist.xml; path = Info.plist; sourceTree = "<group>"; };
		6B12C5F02218BD77005A808C /* LogicDesigner.entitlements */ = {isa = PBXFileReference; lastKnownFileType = text.plist.entitlements; path = LogicDesigner.entitlements; sourceTree = "<group>"; };
		6B44E13C223B3CED00740318 /* Logic.framework */ = {isa = PBXFileReference; explicitFileType = wrapper.framework; path = Logic.framework; sourceTree = BUILT_PRODUCTS_DIR; };
		6B6F19B02304AFF800E5AC60 /* SwiftGraph.framework */ = {isa = PBXFileReference; lastKnownFileType = wrapper.framework; name = SwiftGraph.framework; path = ../Carthage/Build/Mac/SwiftGraph.framework; sourceTree = "<group>"; };
		6B6F19D4230B3E2300E5AC60 /* Colors.framework */ = {isa = PBXFileReference; lastKnownFileType = wrapper.framework; name = Colors.framework; path = ../Carthage/Build/Mac/Colors.framework; sourceTree = "<group>"; };
		6BF4EF59235CC0CC00548F61 /* Differ.framework */ = {isa = PBXFileReference; lastKnownFileType = wrapper.framework; name = Differ.framework; path = ../Carthage/Build/Mac/Differ.framework; sourceTree = "<group>"; };
/* End PBXFileReference section */

/* Begin PBXFrameworksBuildPhase section */
		6B12C5DD2218BD75005A808C /* Frameworks */ = {
			isa = PBXFrameworksBuildPhase;
			buildActionMask = 2147483647;
			files = (
				6BF4EF5A235CC0CC00548F61 /* Differ.framework in Frameworks */,
				6B44E13D223B3CED00740318 /* Logic.framework in Frameworks */,
				6B6F19D5230B3E2300E5AC60 /* Colors.framework in Frameworks */,
				6B6F19B92304B00E00E5AC60 /* SwiftGraph.framework in Frameworks */,
			);
			runOnlyForDeploymentPostprocessing = 0;
		};
/* End PBXFrameworksBuildPhase section */

/* Begin PBXGroup section */
		6B12C5D72218BD75005A808C = {
			isa = PBXGroup;
			children = (
				6B6F19D4230B3E2300E5AC60 /* Colors.framework */,
				6BF4EF59235CC0CC00548F61 /* Differ.framework */,
				6B44E13C223B3CED00740318 /* Logic.framework */,
				6B6F19B02304AFF800E5AC60 /* SwiftGraph.framework */,
				6B12C5E22218BD75005A808C /* LogicDesigner */,
				6B12C5E12218BD75005A808C /* Products */,
				6B6F19B82304B00E00E5AC60 /* Frameworks */,
			);
			sourceTree = "<group>";
		};
		6B12C5E12218BD75005A808C /* Products */ = {
			isa = PBXGroup;
			children = (
				6B12C5E02218BD75005A808C /* LogicDesigner.app */,
			);
			name = Products;
			sourceTree = "<group>";
		};
		6B12C5E22218BD75005A808C /* LogicDesigner */ = {
			isa = PBXGroup;
			children = (
				6B12C5F02218BD77005A808C /* LogicDesigner.entitlements */,
				6B12C5EF2218BD77005A808C /* Info.plist */,
				6B12C5E32218BD75005A808C /* AppDelegate.swift */,
				6B12C5E52218BD75005A808C /* LogicDocument.swift */,
				6B00CA3223284411001907C6 /* MarkdownDocument.swift */,
				6B12C5EA2218BD77005A808C /* Assets.xcassets */,
				6B12C5EC2218BD77005A808C /* MainMenu.xib */,
			);
			path = LogicDesigner;
			sourceTree = "<group>";
		};
		6B6F19B82304B00E00E5AC60 /* Frameworks */ = {
			isa = PBXGroup;
			children = (
			);
			name = Frameworks;
			sourceTree = "<group>";
		};
/* End PBXGroup section */

/* Begin PBXNativeTarget section */
		6B12C5DF2218BD75005A808C /* LogicDesigner */ = {
			isa = PBXNativeTarget;
			buildConfigurationList = 6B12C5F32218BD77005A808C /* Build configuration list for PBXNativeTarget "LogicDesigner" */;
			buildPhases = (
				6B12C5DC2218BD75005A808C /* Sources */,
				6B12C5DD2218BD75005A808C /* Frameworks */,
				6B12C5DE2218BD75005A808C /* Resources */,
				6B44E13F223B3CED00740318 /* Embed Frameworks */,
			);
			buildRules = (
			);
			dependencies = (
			);
			name = LogicDesigner;
			productName = LogicDesigner;
			productReference = 6B12C5E02218BD75005A808C /* LogicDesigner.app */;
			productType = "com.apple.product-type.application";
		};
/* End PBXNativeTarget section */

/* Begin PBXProject section */
		6B12C5D82218BD75005A808C /* Project object */ = {
			isa = PBXProject;
			attributes = {
				LastSwiftUpdateCheck = 1010;
				LastUpgradeCheck = 1010;
				ORGANIZATIONNAME = "BitDisco, Inc";
				TargetAttributes = {
					6B12C5DF2218BD75005A808C = {
						CreatedOnToolsVersion = 10.1;
						LastSwiftMigration = 1020;
						SystemCapabilities = {
							com.apple.Sandbox = {
								enabled = 0;
							};
						};
					};
				};
			};
			buildConfigurationList = 6B12C5DB2218BD75005A808C /* Build configuration list for PBXProject "LogicDesigner" */;
			compatibilityVersion = "Xcode 9.3";
			developmentRegion = en;
			hasScannedForEncodings = 0;
			knownRegions = (
				en,
				Base,
			);
			mainGroup = 6B12C5D72218BD75005A808C;
			productRefGroup = 6B12C5E12218BD75005A808C /* Products */;
			projectDirPath = "";
			projectRoot = "";
			targets = (
				6B12C5DF2218BD75005A808C /* LogicDesigner */,
			);
		};
/* End PBXProject section */

/* Begin PBXResourcesBuildPhase section */
		6B12C5DE2218BD75005A808C /* Resources */ = {
			isa = PBXResourcesBuildPhase;
			buildActionMask = 2147483647;
			files = (
				6B12C5EB2218BD77005A808C /* Assets.xcassets in Resources */,
				6B12C5EE2218BD77005A808C /* MainMenu.xib in Resources */,
			);
			runOnlyForDeploymentPostprocessing = 0;
		};
/* End PBXResourcesBuildPhase section */

/* Begin PBXSourcesBuildPhase section */
		6B12C5DC2218BD75005A808C /* Sources */ = {
			isa = PBXSourcesBuildPhase;
			buildActionMask = 2147483647;
			files = (
				6B12C5E62218BD75005A808C /* LogicDocument.swift in Sources */,
				6B12C5E42218BD75005A808C /* AppDelegate.swift in Sources */,
				6B00CA3323284411001907C6 /* MarkdownDocument.swift in Sources */,
			);
			runOnlyForDeploymentPostprocessing = 0;
		};
/* End PBXSourcesBuildPhase section */

/* Begin PBXVariantGroup section */
		6B12C5EC2218BD77005A808C /* MainMenu.xib */ = {
			isa = PBXVariantGroup;
			children = (
				6B12C5ED2218BD77005A808C /* Base */,
			);
			name = MainMenu.xib;
			sourceTree = "<group>";
		};
/* End PBXVariantGroup section */

/* Begin XCBuildConfiguration section */
		6B12C5F12218BD77005A808C /* Debug */ = {
			isa = XCBuildConfiguration;
			buildSettings = {
				ALWAYS_SEARCH_USER_PATHS = NO;
				CLANG_ANALYZER_NONNULL = YES;
				CLANG_ANALYZER_NUMBER_OBJECT_CONVERSION = YES_AGGRESSIVE;
				CLANG_CXX_LANGUAGE_STANDARD = "gnu++14";
				CLANG_CXX_LIBRARY = "libc++";
				CLANG_ENABLE_MODULES = YES;
				CLANG_ENABLE_OBJC_ARC = YES;
				CLANG_ENABLE_OBJC_WEAK = YES;
				CLANG_WARN_BLOCK_CAPTURE_AUTORELEASING = YES;
				CLANG_WARN_BOOL_CONVERSION = YES;
				CLANG_WARN_COMMA = YES;
				CLANG_WARN_CONSTANT_CONVERSION = YES;
				CLANG_WARN_DEPRECATED_OBJC_IMPLEMENTATIONS = YES;
				CLANG_WARN_DIRECT_OBJC_ISA_USAGE = YES_ERROR;
				CLANG_WARN_DOCUMENTATION_COMMENTS = YES;
				CLANG_WARN_EMPTY_BODY = YES;
				CLANG_WARN_ENUM_CONVERSION = YES;
				CLANG_WARN_INFINITE_RECURSION = YES;
				CLANG_WARN_INT_CONVERSION = YES;
				CLANG_WARN_NON_LITERAL_NULL_CONVERSION = YES;
				CLANG_WARN_OBJC_IMPLICIT_RETAIN_SELF = YES;
				CLANG_WARN_OBJC_LITERAL_CONVERSION = YES;
				CLANG_WARN_OBJC_ROOT_CLASS = YES_ERROR;
				CLANG_WARN_RANGE_LOOP_ANALYSIS = YES;
				CLANG_WARN_STRICT_PROTOTYPES = YES;
				CLANG_WARN_SUSPICIOUS_MOVE = YES;
				CLANG_WARN_UNGUARDED_AVAILABILITY = YES_AGGRESSIVE;
				CLANG_WARN_UNREACHABLE_CODE = YES;
				CLANG_WARN__DUPLICATE_METHOD_MATCH = YES;
				CODE_SIGN_IDENTITY = "-";
				COPY_PHASE_STRIP = NO;
				DEBUG_INFORMATION_FORMAT = dwarf;
				ENABLE_STRICT_OBJC_MSGSEND = YES;
				ENABLE_TESTABILITY = YES;
				GCC_C_LANGUAGE_STANDARD = gnu11;
				GCC_DYNAMIC_NO_PIC = NO;
				GCC_NO_COMMON_BLOCKS = YES;
				GCC_OPTIMIZATION_LEVEL = 0;
				GCC_PREPROCESSOR_DEFINITIONS = (
					"DEBUG=1",
					"$(inherited)",
				);
				GCC_WARN_64_TO_32_BIT_CONVERSION = YES;
				GCC_WARN_ABOUT_RETURN_TYPE = YES_ERROR;
				GCC_WARN_UNDECLARED_SELECTOR = YES;
				GCC_WARN_UNINITIALIZED_AUTOS = YES_AGGRESSIVE;
				GCC_WARN_UNUSED_FUNCTION = YES;
				GCC_WARN_UNUSED_VARIABLE = YES;
				MACOSX_DEPLOYMENT_TARGET = 10.14;
				MTL_ENABLE_DEBUG_INFO = INCLUDE_SOURCE;
				MTL_FAST_MATH = YES;
				ONLY_ACTIVE_ARCH = YES;
				SDKROOT = macosx;
				SWIFT_ACTIVE_COMPILATION_CONDITIONS = DEBUG;
				SWIFT_OPTIMIZATION_LEVEL = "-Onone";
			};
			name = Debug;
		};
		6B12C5F22218BD77005A808C /* Release */ = {
			isa = XCBuildConfiguration;
			buildSettings = {
				ALWAYS_SEARCH_USER_PATHS = NO;
				CLANG_ANALYZER_NONNULL = YES;
				CLANG_ANALYZER_NUMBER_OBJECT_CONVERSION = YES_AGGRESSIVE;
				CLANG_CXX_LANGUAGE_STANDARD = "gnu++14";
				CLANG_CXX_LIBRARY = "libc++";
				CLANG_ENABLE_MODULES = YES;
				CLANG_ENABLE_OBJC_ARC = YES;
				CLANG_ENABLE_OBJC_WEAK = YES;
				CLANG_WARN_BLOCK_CAPTURE_AUTORELEASING = YES;
				CLANG_WARN_BOOL_CONVERSION = YES;
				CLANG_WARN_COMMA = YES;
				CLANG_WARN_CONSTANT_CONVERSION = YES;
				CLANG_WARN_DEPRECATED_OBJC_IMPLEMENTATIONS = YES;
				CLANG_WARN_DIRECT_OBJC_ISA_USAGE = YES_ERROR;
				CLANG_WARN_DOCUMENTATION_COMMENTS = YES;
				CLANG_WARN_EMPTY_BODY = YES;
				CLANG_WARN_ENUM_CONVERSION = YES;
				CLANG_WARN_INFINITE_RECURSION = YES;
				CLANG_WARN_INT_CONVERSION = YES;
				CLANG_WARN_NON_LITERAL_NULL_CONVERSION = YES;
				CLANG_WARN_OBJC_IMPLICIT_RETAIN_SELF = YES;
				CLANG_WARN_OBJC_LITERAL_CONVERSION = YES;
				CLANG_WARN_OBJC_ROOT_CLASS = YES_ERROR;
				CLANG_WARN_RANGE_LOOP_ANALYSIS = YES;
				CLANG_WARN_STRICT_PROTOTYPES = YES;
				CLANG_WARN_SUSPICIOUS_MOVE = YES;
				CLANG_WARN_UNGUARDED_AVAILABILITY = YES_AGGRESSIVE;
				CLANG_WARN_UNREACHABLE_CODE = YES;
				CLANG_WARN__DUPLICATE_METHOD_MATCH = YES;
				CODE_SIGN_IDENTITY = "-";
				COPY_PHASE_STRIP = NO;
				DEBUG_INFORMATION_FORMAT = "dwarf-with-dsym";
				ENABLE_NS_ASSERTIONS = NO;
				ENABLE_STRICT_OBJC_MSGSEND = YES;
				GCC_C_LANGUAGE_STANDARD = gnu11;
				GCC_NO_COMMON_BLOCKS = YES;
				GCC_WARN_64_TO_32_BIT_CONVERSION = YES;
				GCC_WARN_ABOUT_RETURN_TYPE = YES_ERROR;
				GCC_WARN_UNDECLARED_SELECTOR = YES;
				GCC_WARN_UNINITIALIZED_AUTOS = YES_AGGRESSIVE;
				GCC_WARN_UNUSED_FUNCTION = YES;
				GCC_WARN_UNUSED_VARIABLE = YES;
				MACOSX_DEPLOYMENT_TARGET = 10.14;
				MTL_ENABLE_DEBUG_INFO = NO;
				MTL_FAST_MATH = YES;
				SDKROOT = macosx;
				SWIFT_COMPILATION_MODE = wholemodule;
				SWIFT_OPTIMIZATION_LEVEL = "-O";
			};
			name = Release;
		};
		6B12C5F42218BD77005A808C /* Debug */ = {
			isa = XCBuildConfiguration;
			buildSettings = {
				ASSETCATALOG_COMPILER_APPICON_NAME = AppIcon;
				CODE_SIGN_STYLE = Automatic;
				COMBINE_HIDPI_IMAGES = YES;
				DEVELOPMENT_TEAM = CV2RHZWPY9;
				FRAMEWORK_SEARCH_PATHS = (
					"$(SOURCE_ROOT)/../Carthage/Build/Mac",
					"$(PROJECT_DIR)/Carthage/Build/Mac",
				);
				INFOPLIST_FILE = LogicDesigner/Info.plist;
				LD_RUNPATH_SEARCH_PATHS = (
					"$(inherited)",
					"@executable_path/../Frameworks",
				);
				PRODUCT_BUNDLE_IDENTIFIER = com.devinabbott.LogicDesigner;
				PRODUCT_NAME = "$(TARGET_NAME)";
				SWIFT_VERSION = 5.0;
			};
			name = Debug;
		};
		6B12C5F52218BD77005A808C /* Release */ = {
			isa = XCBuildConfiguration;
			buildSettings = {
				ASSETCATALOG_COMPILER_APPICON_NAME = AppIcon;
				CODE_SIGN_STYLE = Automatic;
				COMBINE_HIDPI_IMAGES = YES;
				DEVELOPMENT_TEAM = CV2RHZWPY9;
				FRAMEWORK_SEARCH_PATHS = (
					"$(SOURCE_ROOT)/../Carthage/Build/Mac",
					"$(PROJECT_DIR)/Carthage/Build/Mac",
				);
				INFOPLIST_FILE = LogicDesigner/Info.plist;
				LD_RUNPATH_SEARCH_PATHS = (
					"$(inherited)",
					"@executable_path/../Frameworks",
				);
				PRODUCT_BUNDLE_IDENTIFIER = com.devinabbott.LogicDesigner;
				PRODUCT_NAME = "$(TARGET_NAME)";
				SWIFT_VERSION = 5.0;
			};
			name = Release;
		};
/* End XCBuildConfiguration section */

/* Begin XCConfigurationList section */
		6B12C5DB2218BD75005A808C /* Build configuration list for PBXProject "LogicDesigner" */ = {
			isa = XCConfigurationList;
			buildConfigurations = (
				6B12C5F12218BD77005A808C /* Debug */,
				6B12C5F22218BD77005A808C /* Release */,
			);
			defaultConfigurationIsVisible = 0;
			defaultConfigurationName = Release;
		};
		6B12C5F32218BD77005A808C /* Build configuration list for PBXNativeTarget "LogicDesigner" */ = {
			isa = XCConfigurationList;
			buildConfigurations = (
				6B12C5F42218BD77005A808C /* Debug */,
				6B12C5F52218BD77005A808C /* Release */,
			);
			defaultConfigurationIsVisible = 0;
			defaultConfigurationName = Release;
		};
/* End XCConfigurationList section */
	};
	rootObject = 6B12C5D82218BD75005A808C /* Project object */;
}
