// !$*UTF8*$!
{
	archiveVersion = 1;
	classes = {
	};
	objectVersion = 50;
	objects = {

/* Begin PBXBuildFile section */
		6B12C5E42218BD75005A808C /* AppDelegate.swift in Sources */ = {isa = PBXBuildFile; fileRef = 6B12C5E32218BD75005A808C /* AppDelegate.swift */; };
		6B12C5E62218BD75005A808C /* Document.swift in Sources */ = {isa = PBXBuildFile; fileRef = 6B12C5E52218BD75005A808C /* Document.swift */; };
		6B12C5E92218BD75005A808C /* Document.xib in Resources */ = {isa = PBXBuildFile; fileRef = 6B12C5E72218BD75005A808C /* Document.xib */; };
		6B12C5EB2218BD77005A808C /* Assets.xcassets in Resources */ = {isa = PBXBuildFile; fileRef = 6B12C5EA2218BD77005A808C /* Assets.xcassets */; };
		6B12C5EE2218BD77005A808C /* MainMenu.xib in Resources */ = {isa = PBXBuildFile; fileRef = 6B12C5EC2218BD77005A808C /* MainMenu.xib */; };
		6B12C5F72218BE87005A808C /* LogicEditor.swift in Sources */ = {isa = PBXBuildFile; fileRef = 6B12C5F62218BE87005A808C /* LogicEditor.swift */; };
		6B12C5FC2219E1D3005A808C /* SuggestionWindow.swift in Sources */ = {isa = PBXBuildFile; fileRef = 6B12C5FB2219E1D3005A808C /* SuggestionWindow.swift */; };
		6B12C5FE2219E6A8005A808C /* ControlledSearchInput.swift in Sources */ = {isa = PBXBuildFile; fileRef = 6B12C5FD2219E6A8005A808C /* ControlledSearchInput.swift */; };
		6B12C60F2219EAA6005A808C /* TextStyles.swift in Sources */ = {isa = PBXBuildFile; fileRef = 6B12C6022219EAA6005A808C /* TextStyles.swift */; };
		6B12C6102219EAA6005A808C /* CGSize+Resizing.swift in Sources */ = {isa = PBXBuildFile; fileRef = 6B12C6032219EAA6005A808C /* CGSize+Resizing.swift */; };
		6B12C6112219EAA6005A808C /* Shadows.swift in Sources */ = {isa = PBXBuildFile; fileRef = 6B12C6042219EAA6005A808C /* Shadows.swift */; };
		6B12C6122219EAA6005A808C /* TextStyle.swift in Sources */ = {isa = PBXBuildFile; fileRef = 6B12C6052219EAA6005A808C /* TextStyle.swift */; };
		6B12C6142219EAA6005A808C /* SuggestionView.swift in Sources */ = {isa = PBXBuildFile; fileRef = 6B12C6092219EAA6005A808C /* SuggestionView.swift */; };
		6B12C6152219EAA6005A808C /* LNAImageView.swift in Sources */ = {isa = PBXBuildFile; fileRef = 6B12C60A2219EAA6005A808C /* LNAImageView.swift */; };
		6B12C6162219EAA6005A808C /* Colors.swift in Sources */ = {isa = PBXBuildFile; fileRef = 6B12C60B2219EAA6005A808C /* Colors.swift */; };
		6B12C6172219EAA6005A808C /* NSImage+Resizing.swift in Sources */ = {isa = PBXBuildFile; fileRef = 6B12C60C2219EAA6005A808C /* NSImage+Resizing.swift */; };
		6B12C6182219EAA6005A808C /* LNATextField.swift in Sources */ = {isa = PBXBuildFile; fileRef = 6B12C60D2219EAA6005A808C /* LNATextField.swift */; };
		6B12C6192219EAA6005A808C /* LonaViewModel.swift in Sources */ = {isa = PBXBuildFile; fileRef = 6B12C60E2219EAA6005A808C /* LonaViewModel.swift */; };
		6B12C61C2219F455005A808C /* ResultSectionHeader.swift in Sources */ = {isa = PBXBuildFile; fileRef = 6B12C61A2219F455005A808C /* ResultSectionHeader.swift */; };
		6B12C61D2219F455005A808C /* ResultRow.swift in Sources */ = {isa = PBXBuildFile; fileRef = 6B12C61B2219F455005A808C /* ResultRow.swift */; };
		6B12C61F221A14D9005A808C /* SuggestionListView.swift in Sources */ = {isa = PBXBuildFile; fileRef = 6B12C61E221A14D9005A808C /* SuggestionListView.swift */; };
		6B12C621221A1E0A005A808C /* Language.swift in Sources */ = {isa = PBXBuildFile; fileRef = 6B12C620221A1E0A005A808C /* Language.swift */; };
		6B12C626221B5FB1005A808C /* SwiftSyntax.swift in Sources */ = {isa = PBXBuildFile; fileRef = 6B12C625221B5FB1005A808C /* SwiftSyntax.swift */; };
		6B12C628221B5FE5005A808C /* SwiftSyntax+Traversal.swift in Sources */ = {isa = PBXBuildFile; fileRef = 6B12C627221B5FE5005A808C /* SwiftSyntax+Traversal.swift */; };
		6B12C62A221B9854005A808C /* NSBezierPath+Polygon.swift in Sources */ = {isa = PBXBuildFile; fileRef = 6B12C629221B9854005A808C /* NSBezierPath+Polygon.swift */; };
		6B12C62C221CB66A005A808C /* SwiftSyntax+Suggestions.swift in Sources */ = {isa = PBXBuildFile; fileRef = 6B12C62B221CB66A005A808C /* SwiftSyntax+Suggestions.swift */; };
		6B12C62E221CB867005A808C /* SwiftSyntax+NativeTypes.swift in Sources */ = {isa = PBXBuildFile; fileRef = 6B12C62D221CB867005A808C /* SwiftSyntax+NativeTypes.swift */; };
		6B12C630221CB8D8005A808C /* SwiftSyntax+TextElements.swift in Sources */ = {isa = PBXBuildFile; fileRef = 6B12C62F221CB8D8005A808C /* SwiftSyntax+TextElements.swift */; };
/* End PBXBuildFile section */

/* Begin PBXFileReference section */
		6B12C5E02218BD75005A808C /* LogicDesigner.app */ = {isa = PBXFileReference; explicitFileType = wrapper.application; includeInIndex = 0; path = LogicDesigner.app; sourceTree = BUILT_PRODUCTS_DIR; };
		6B12C5E32218BD75005A808C /* AppDelegate.swift */ = {isa = PBXFileReference; lastKnownFileType = sourcecode.swift; path = AppDelegate.swift; sourceTree = "<group>"; };
		6B12C5E52218BD75005A808C /* Document.swift */ = {isa = PBXFileReference; lastKnownFileType = sourcecode.swift; path = Document.swift; sourceTree = "<group>"; };
		6B12C5E82218BD75005A808C /* Base */ = {isa = PBXFileReference; lastKnownFileType = file.xib; name = Base; path = Base.lproj/Document.xib; sourceTree = "<group>"; };
		6B12C5EA2218BD77005A808C /* Assets.xcassets */ = {isa = PBXFileReference; lastKnownFileType = folder.assetcatalog; path = Assets.xcassets; sourceTree = "<group>"; };
		6B12C5ED2218BD77005A808C /* Base */ = {isa = PBXFileReference; lastKnownFileType = file.xib; name = Base; path = Base.lproj/MainMenu.xib; sourceTree = "<group>"; };
		6B12C5EF2218BD77005A808C /* Info.plist */ = {isa = PBXFileReference; lastKnownFileType = text.plist.xml; path = Info.plist; sourceTree = "<group>"; };
		6B12C5F02218BD77005A808C /* LogicDesigner.entitlements */ = {isa = PBXFileReference; lastKnownFileType = text.plist.entitlements; path = LogicDesigner.entitlements; sourceTree = "<group>"; };
		6B12C5F62218BE87005A808C /* LogicEditor.swift */ = {isa = PBXFileReference; lastKnownFileType = sourcecode.swift; path = LogicEditor.swift; sourceTree = "<group>"; };
		6B12C5FB2219E1D3005A808C /* SuggestionWindow.swift */ = {isa = PBXFileReference; lastKnownFileType = sourcecode.swift; path = SuggestionWindow.swift; sourceTree = "<group>"; };
		6B12C5FD2219E6A8005A808C /* ControlledSearchInput.swift */ = {isa = PBXFileReference; lastKnownFileType = sourcecode.swift; path = ControlledSearchInput.swift; sourceTree = "<group>"; };
		6B12C6022219EAA6005A808C /* TextStyles.swift */ = {isa = PBXFileReference; fileEncoding = 4; lastKnownFileType = sourcecode.swift; path = TextStyles.swift; sourceTree = "<group>"; };
		6B12C6032219EAA6005A808C /* CGSize+Resizing.swift */ = {isa = PBXFileReference; fileEncoding = 4; lastKnownFileType = sourcecode.swift; path = "CGSize+Resizing.swift"; sourceTree = "<group>"; };
		6B12C6042219EAA6005A808C /* Shadows.swift */ = {isa = PBXFileReference; fileEncoding = 4; lastKnownFileType = sourcecode.swift; path = Shadows.swift; sourceTree = "<group>"; };
		6B12C6052219EAA6005A808C /* TextStyle.swift */ = {isa = PBXFileReference; fileEncoding = 4; lastKnownFileType = sourcecode.swift; path = TextStyle.swift; sourceTree = "<group>"; };
		6B12C6092219EAA6005A808C /* SuggestionView.swift */ = {isa = PBXFileReference; fileEncoding = 4; lastKnownFileType = sourcecode.swift; path = SuggestionView.swift; sourceTree = "<group>"; };
		6B12C60A2219EAA6005A808C /* LNAImageView.swift */ = {isa = PBXFileReference; fileEncoding = 4; lastKnownFileType = sourcecode.swift; path = LNAImageView.swift; sourceTree = "<group>"; };
		6B12C60B2219EAA6005A808C /* Colors.swift */ = {isa = PBXFileReference; fileEncoding = 4; lastKnownFileType = sourcecode.swift; path = Colors.swift; sourceTree = "<group>"; };
		6B12C60C2219EAA6005A808C /* NSImage+Resizing.swift */ = {isa = PBXFileReference; fileEncoding = 4; lastKnownFileType = sourcecode.swift; path = "NSImage+Resizing.swift"; sourceTree = "<group>"; };
		6B12C60D2219EAA6005A808C /* LNATextField.swift */ = {isa = PBXFileReference; fileEncoding = 4; lastKnownFileType = sourcecode.swift; path = LNATextField.swift; sourceTree = "<group>"; };
		6B12C60E2219EAA6005A808C /* LonaViewModel.swift */ = {isa = PBXFileReference; fileEncoding = 4; lastKnownFileType = sourcecode.swift; path = LonaViewModel.swift; sourceTree = "<group>"; };
		6B12C61A2219F455005A808C /* ResultSectionHeader.swift */ = {isa = PBXFileReference; fileEncoding = 4; lastKnownFileType = sourcecode.swift; path = ResultSectionHeader.swift; sourceTree = "<group>"; };
		6B12C61B2219F455005A808C /* ResultRow.swift */ = {isa = PBXFileReference; fileEncoding = 4; lastKnownFileType = sourcecode.swift; path = ResultRow.swift; sourceTree = "<group>"; };
		6B12C61E221A14D9005A808C /* SuggestionListView.swift */ = {isa = PBXFileReference; lastKnownFileType = sourcecode.swift; path = SuggestionListView.swift; sourceTree = "<group>"; };
		6B12C620221A1E0A005A808C /* Language.swift */ = {isa = PBXFileReference; lastKnownFileType = sourcecode.swift; path = Language.swift; sourceTree = "<group>"; };
		6B12C625221B5FB1005A808C /* SwiftSyntax.swift */ = {isa = PBXFileReference; lastKnownFileType = sourcecode.swift; path = SwiftSyntax.swift; sourceTree = "<group>"; };
		6B12C627221B5FE5005A808C /* SwiftSyntax+Traversal.swift */ = {isa = PBXFileReference; lastKnownFileType = sourcecode.swift; path = "SwiftSyntax+Traversal.swift"; sourceTree = "<group>"; };
		6B12C629221B9854005A808C /* NSBezierPath+Polygon.swift */ = {isa = PBXFileReference; lastKnownFileType = sourcecode.swift; path = "NSBezierPath+Polygon.swift"; sourceTree = "<group>"; };
		6B12C62B221CB66A005A808C /* SwiftSyntax+Suggestions.swift */ = {isa = PBXFileReference; lastKnownFileType = sourcecode.swift; path = "SwiftSyntax+Suggestions.swift"; sourceTree = "<group>"; };
		6B12C62D221CB867005A808C /* SwiftSyntax+NativeTypes.swift */ = {isa = PBXFileReference; lastKnownFileType = sourcecode.swift; path = "SwiftSyntax+NativeTypes.swift"; sourceTree = "<group>"; };
		6B12C62F221CB8D8005A808C /* SwiftSyntax+TextElements.swift */ = {isa = PBXFileReference; lastKnownFileType = sourcecode.swift; path = "SwiftSyntax+TextElements.swift"; sourceTree = "<group>"; };
/* End PBXFileReference section */

/* Begin PBXFrameworksBuildPhase section */
		6B12C5DD2218BD75005A808C /* Frameworks */ = {
			isa = PBXFrameworksBuildPhase;
			buildActionMask = 2147483647;
			files = (
			);
			runOnlyForDeploymentPostprocessing = 0;
		};
/* End PBXFrameworksBuildPhase section */

/* Begin PBXGroup section */
		6B12C5D72218BD75005A808C = {
			isa = PBXGroup;
			children = (
				6B12C5E22218BD75005A808C /* LogicDesigner */,
				6B12C5E12218BD75005A808C /* Products */,
			);
			sourceTree = "<group>";
		};
		6B12C5E12218BD75005A808C /* Products */ = {
			isa = PBXGroup;
			children = (
				6B12C5E02218BD75005A808C /* LogicDesigner.app */,
			);
			name = Products;
			sourceTree = "<group>";
		};
		6B12C5E22218BD75005A808C /* LogicDesigner */ = {
			isa = PBXGroup;
			children = (
				6B12C5F02218BD77005A808C /* LogicDesigner.entitlements */,
				6B12C5EF2218BD77005A808C /* Info.plist */,
				6B12C5E32218BD75005A808C /* AppDelegate.swift */,
				6B12C5FD2219E6A8005A808C /* ControlledSearchInput.swift */,
				6B12C5E52218BD75005A808C /* Document.swift */,
				6B12C620221A1E0A005A808C /* Language.swift */,
				6B12C5F62218BE87005A808C /* LogicEditor.swift */,
				6B12C629221B9854005A808C /* NSBezierPath+Polygon.swift */,
				6B12C61E221A14D9005A808C /* SuggestionListView.swift */,
				6B12C5FB2219E1D3005A808C /* SuggestionWindow.swift */,
				6B12C6052219EAA6005A808C /* TextStyle.swift */,
				6B12C5EA2218BD77005A808C /* Assets.xcassets */,
				6B12C5E72218BD75005A808C /* Document.xib */,
				6B12C6012219EAA6005A808C /* Generated */,
				6B12C5EC2218BD77005A808C /* MainMenu.xib */,
				6B12C624221B5FA1005A808C /* Syntaxes */,
			);
			path = LogicDesigner;
			sourceTree = "<group>";
		};
		6B12C6012219EAA6005A808C /* Generated */ = {
			isa = PBXGroup;
			children = (
				6B12C6032219EAA6005A808C /* CGSize+Resizing.swift */,
				6B12C60B2219EAA6005A808C /* Colors.swift */,
				6B12C60A2219EAA6005A808C /* LNAImageView.swift */,
				6B12C60D2219EAA6005A808C /* LNATextField.swift */,
				6B12C60E2219EAA6005A808C /* LonaViewModel.swift */,
				6B12C60C2219EAA6005A808C /* NSImage+Resizing.swift */,
				6B12C6042219EAA6005A808C /* Shadows.swift */,
				6B12C6022219EAA6005A808C /* TextStyles.swift */,
				6B12C6082219EAA6005A808C /* components */,
			);
			path = Generated;
			sourceTree = "<group>";
		};
		6B12C6082219EAA6005A808C /* components */ = {
			isa = PBXGroup;
			children = (
				6B12C6092219EAA6005A808C /* SuggestionView.swift */,
				6B12C61B2219F455005A808C /* ResultRow.swift */,
				6B12C61A2219F455005A808C /* ResultSectionHeader.swift */,
			);
			path = components;
			sourceTree = "<group>";
		};
		6B12C624221B5FA1005A808C /* Syntaxes */ = {
			isa = PBXGroup;
			children = (
				6B12C625221B5FB1005A808C /* SwiftSyntax.swift */,
				6B12C627221B5FE5005A808C /* SwiftSyntax+Traversal.swift */,
				6B12C62B221CB66A005A808C /* SwiftSyntax+Suggestions.swift */,
				6B12C62D221CB867005A808C /* SwiftSyntax+NativeTypes.swift */,
				6B12C62F221CB8D8005A808C /* SwiftSyntax+TextElements.swift */,
			);
			path = Syntaxes;
			sourceTree = "<group>";
		};
/* End PBXGroup section */

/* Begin PBXNativeTarget section */
		6B12C5DF2218BD75005A808C /* LogicDesigner */ = {
			isa = PBXNativeTarget;
			buildConfigurationList = 6B12C5F32218BD77005A808C /* Build configuration list for PBXNativeTarget "LogicDesigner" */;
			buildPhases = (
				6B12C5DC2218BD75005A808C /* Sources */,
				6B12C5DD2218BD75005A808C /* Frameworks */,
				6B12C5DE2218BD75005A808C /* Resources */,
			);
			buildRules = (
			);
			dependencies = (
			);
			name = LogicDesigner;
			productName = LogicDesigner;
			productReference = 6B12C5E02218BD75005A808C /* LogicDesigner.app */;
			productType = "com.apple.product-type.application";
		};
/* End PBXNativeTarget section */

/* Begin PBXProject section */
		6B12C5D82218BD75005A808C /* Project object */ = {
			isa = PBXProject;
			attributes = {
				LastSwiftUpdateCheck = 1010;
				LastUpgradeCheck = 1010;
				ORGANIZATIONNAME = "BitDisco, Inc";
				TargetAttributes = {
					6B12C5DF2218BD75005A808C = {
						CreatedOnToolsVersion = 10.1;
					};
				};
			};
			buildConfigurationList = 6B12C5DB2218BD75005A808C /* Build configuration list for PBXProject "LogicDesigner" */;
			compatibilityVersion = "Xcode 9.3";
			developmentRegion = en;
			hasScannedForEncodings = 0;
			knownRegions = (
				en,
				Base,
			);
			mainGroup = 6B12C5D72218BD75005A808C;
			productRefGroup = 6B12C5E12218BD75005A808C /* Products */;
			projectDirPath = "";
			projectRoot = "";
			targets = (
				6B12C5DF2218BD75005A808C /* LogicDesigner */,
			);
		};
/* End PBXProject section */

/* Begin PBXResourcesBuildPhase section */
		6B12C5DE2218BD75005A808C /* Resources */ = {
			isa = PBXResourcesBuildPhase;
			buildActionMask = 2147483647;
			files = (
				6B12C5EB2218BD77005A808C /* Assets.xcassets in Resources */,
				6B12C5E92218BD75005A808C /* Document.xib in Resources */,
				6B12C5EE2218BD77005A808C /* MainMenu.xib in Resources */,
			);
			runOnlyForDeploymentPostprocessing = 0;
		};
/* End PBXResourcesBuildPhase section */

/* Begin PBXSourcesBuildPhase section */
		6B12C5DC2218BD75005A808C /* Sources */ = {
			isa = PBXSourcesBuildPhase;
			buildActionMask = 2147483647;
			files = (
				6B12C6122219EAA6005A808C /* TextStyle.swift in Sources */,
				6B12C61D2219F455005A808C /* ResultRow.swift in Sources */,
				6B12C61C2219F455005A808C /* ResultSectionHeader.swift in Sources */,
				6B12C62E221CB867005A808C /* SwiftSyntax+NativeTypes.swift in Sources */,
				6B12C6182219EAA6005A808C /* LNATextField.swift in Sources */,
				6B12C5FE2219E6A8005A808C /* ControlledSearchInput.swift in Sources */,
				6B12C621221A1E0A005A808C /* Language.swift in Sources */,
				6B12C6112219EAA6005A808C /* Shadows.swift in Sources */,
				6B12C6162219EAA6005A808C /* Colors.swift in Sources */,
				6B12C62C221CB66A005A808C /* SwiftSyntax+Suggestions.swift in Sources */,
				6B12C626221B5FB1005A808C /* SwiftSyntax.swift in Sources */,
				6B12C5F72218BE87005A808C /* LogicEditor.swift in Sources */,
				6B12C61F221A14D9005A808C /* SuggestionListView.swift in Sources */,
				6B12C6102219EAA6005A808C /* CGSize+Resizing.swift in Sources */,
				6B12C60F2219EAA6005A808C /* TextStyles.swift in Sources */,
				6B12C628221B5FE5005A808C /* SwiftSyntax+Traversal.swift in Sources */,
				6B12C6192219EAA6005A808C /* LonaViewModel.swift in Sources */,
				6B12C62A221B9854005A808C /* NSBezierPath+Polygon.swift in Sources */,
				6B12C6152219EAA6005A808C /* LNAImageView.swift in Sources */,
				6B12C630221CB8D8005A808C /* SwiftSyntax+TextElements.swift in Sources */,
				6B12C6172219EAA6005A808C /* NSImage+Resizing.swift in Sources */,
				6B12C5E62218BD75005A808C /* Document.swift in Sources */,
				6B12C5FC2219E1D3005A808C /* SuggestionWindow.swift in Sources */,
				6B12C5E42218BD75005A808C /* AppDelegate.swift in Sources */,
				6B12C6142219EAA6005A808C /* SuggestionView.swift in Sources */,
			);
			runOnlyForDeploymentPostprocessing = 0;
		};
/* End PBXSourcesBuildPhase section */

/* Begin PBXVariantGroup section */
		6B12C5E72218BD75005A808C /* Document.xib */ = {
			isa = PBXVariantGroup;
			children = (
				6B12C5E82218BD75005A808C /* Base */,
			);
			name = Document.xib;
			sourceTree = "<group>";
		};
		6B12C5EC2218BD77005A808C /* MainMenu.xib */ = {
			isa = PBXVariantGroup;
			children = (
				6B12C5ED2218BD77005A808C /* Base */,
			);
			name = MainMenu.xib;
			sourceTree = "<group>";
		};
/* End PBXVariantGroup section */

/* Begin XCBuildConfiguration section */
		6B12C5F12218BD77005A808C /* Debug */ = {
			isa = XCBuildConfiguration;
			buildSettings = {
				ALWAYS_SEARCH_USER_PATHS = NO;
				CLANG_ANALYZER_NONNULL = YES;
				CLANG_ANALYZER_NUMBER_OBJECT_CONVERSION = YES_AGGRESSIVE;
				CLANG_CXX_LANGUAGE_STANDARD = "gnu++14";
				CLANG_CXX_LIBRARY = "libc++";
				CLANG_ENABLE_MODULES = YES;
				CLANG_ENABLE_OBJC_ARC = YES;
				CLANG_ENABLE_OBJC_WEAK = YES;
				CLANG_WARN_BLOCK_CAPTURE_AUTORELEASING = YES;
				CLANG_WARN_BOOL_CONVERSION = YES;
				CLANG_WARN_COMMA = YES;
				CLANG_WARN_CONSTANT_CONVERSION = YES;
				CLANG_WARN_DEPRECATED_OBJC_IMPLEMENTATIONS = YES;
				CLANG_WARN_DIRECT_OBJC_ISA_USAGE = YES_ERROR;
				CLANG_WARN_DOCUMENTATION_COMMENTS = YES;
				CLANG_WARN_EMPTY_BODY = YES;
				CLANG_WARN_ENUM_CONVERSION = YES;
				CLANG_WARN_INFINITE_RECURSION = YES;
				CLANG_WARN_INT_CONVERSION = YES;
				CLANG_WARN_NON_LITERAL_NULL_CONVERSION = YES;
				CLANG_WARN_OBJC_IMPLICIT_RETAIN_SELF = YES;
				CLANG_WARN_OBJC_LITERAL_CONVERSION = YES;
				CLANG_WARN_OBJC_ROOT_CLASS = YES_ERROR;
				CLANG_WARN_RANGE_LOOP_ANALYSIS = YES;
				CLANG_WARN_STRICT_PROTOTYPES = YES;
				CLANG_WARN_SUSPICIOUS_MOVE = YES;
				CLANG_WARN_UNGUARDED_AVAILABILITY = YES_AGGRESSIVE;
				CLANG_WARN_UNREACHABLE_CODE = YES;
				CLANG_WARN__DUPLICATE_METHOD_MATCH = YES;
				CODE_SIGN_IDENTITY = "-";
				COPY_PHASE_STRIP = NO;
				DEBUG_INFORMATION_FORMAT = dwarf;
				ENABLE_STRICT_OBJC_MSGSEND = YES;
				ENABLE_TESTABILITY = YES;
				GCC_C_LANGUAGE_STANDARD = gnu11;
				GCC_DYNAMIC_NO_PIC = NO;
				GCC_NO_COMMON_BLOCKS = YES;
				GCC_OPTIMIZATION_LEVEL = 0;
				GCC_PREPROCESSOR_DEFINITIONS = (
					"DEBUG=1",
					"$(inherited)",
				);
				GCC_WARN_64_TO_32_BIT_CONVERSION = YES;
				GCC_WARN_ABOUT_RETURN_TYPE = YES_ERROR;
				GCC_WARN_UNDECLARED_SELECTOR = YES;
				GCC_WARN_UNINITIALIZED_AUTOS = YES_AGGRESSIVE;
				GCC_WARN_UNUSED_FUNCTION = YES;
				GCC_WARN_UNUSED_VARIABLE = YES;
				MACOSX_DEPLOYMENT_TARGET = 10.14;
				MTL_ENABLE_DEBUG_INFO = INCLUDE_SOURCE;
				MTL_FAST_MATH = YES;
				ONLY_ACTIVE_ARCH = YES;
				SDKROOT = macosx;
				SWIFT_ACTIVE_COMPILATION_CONDITIONS = DEBUG;
				SWIFT_OPTIMIZATION_LEVEL = "-Onone";
			};
			name = Debug;
		};
		6B12C5F22218BD77005A808C /* Release */ = {
			isa = XCBuildConfiguration;
			buildSettings = {
				ALWAYS_SEARCH_USER_PATHS = NO;
				CLANG_ANALYZER_NONNULL = YES;
				CLANG_ANALYZER_NUMBER_OBJECT_CONVERSION = YES_AGGRESSIVE;
				CLANG_CXX_LANGUAGE_STANDARD = "gnu++14";
				CLANG_CXX_LIBRARY = "libc++";
				CLANG_ENABLE_MODULES = YES;
				CLANG_ENABLE_OBJC_ARC = YES;
				CLANG_ENABLE_OBJC_WEAK = YES;
				CLANG_WARN_BLOCK_CAPTURE_AUTORELEASING = YES;
				CLANG_WARN_BOOL_CONVERSION = YES;
				CLANG_WARN_COMMA = YES;
				CLANG_WARN_CONSTANT_CONVERSION = YES;
				CLANG_WARN_DEPRECATED_OBJC_IMPLEMENTATIONS = YES;
				CLANG_WARN_DIRECT_OBJC_ISA_USAGE = YES_ERROR;
				CLANG_WARN_DOCUMENTATION_COMMENTS = YES;
				CLANG_WARN_EMPTY_BODY = YES;
				CLANG_WARN_ENUM_CONVERSION = YES;
				CLANG_WARN_INFINITE_RECURSION = YES;
				CLANG_WARN_INT_CONVERSION = YES;
				CLANG_WARN_NON_LITERAL_NULL_CONVERSION = YES;
				CLANG_WARN_OBJC_IMPLICIT_RETAIN_SELF = YES;
				CLANG_WARN_OBJC_LITERAL_CONVERSION = YES;
				CLANG_WARN_OBJC_ROOT_CLASS = YES_ERROR;
				CLANG_WARN_RANGE_LOOP_ANALYSIS = YES;
				CLANG_WARN_STRICT_PROTOTYPES = YES;
				CLANG_WARN_SUSPICIOUS_MOVE = YES;
				CLANG_WARN_UNGUARDED_AVAILABILITY = YES_AGGRESSIVE;
				CLANG_WARN_UNREACHABLE_CODE = YES;
				CLANG_WARN__DUPLICATE_METHOD_MATCH = YES;
				CODE_SIGN_IDENTITY = "-";
				COPY_PHASE_STRIP = NO;
				DEBUG_INFORMATION_FORMAT = "dwarf-with-dsym";
				ENABLE_NS_ASSERTIONS = NO;
				ENABLE_STRICT_OBJC_MSGSEND = YES;
				GCC_C_LANGUAGE_STANDARD = gnu11;
				GCC_NO_COMMON_BLOCKS = YES;
				GCC_WARN_64_TO_32_BIT_CONVERSION = YES;
				GCC_WARN_ABOUT_RETURN_TYPE = YES_ERROR;
				GCC_WARN_UNDECLARED_SELECTOR = YES;
				GCC_WARN_UNINITIALIZED_AUTOS = YES_AGGRESSIVE;
				GCC_WARN_UNUSED_FUNCTION = YES;
				GCC_WARN_UNUSED_VARIABLE = YES;
				MACOSX_DEPLOYMENT_TARGET = 10.14;
				MTL_ENABLE_DEBUG_INFO = NO;
				MTL_FAST_MATH = YES;
				SDKROOT = macosx;
				SWIFT_COMPILATION_MODE = wholemodule;
				SWIFT_OPTIMIZATION_LEVEL = "-O";
			};
			name = Release;
		};
		6B12C5F42218BD77005A808C /* Debug */ = {
			isa = XCBuildConfiguration;
			buildSettings = {
				ASSETCATALOG_COMPILER_APPICON_NAME = AppIcon;
				CODE_SIGN_ENTITLEMENTS = LogicDesigner/LogicDesigner.entitlements;
				CODE_SIGN_STYLE = Automatic;
				COMBINE_HIDPI_IMAGES = YES;
				DEVELOPMENT_TEAM = CV2RHZWPY9;
				INFOPLIST_FILE = LogicDesigner/Info.plist;
				LD_RUNPATH_SEARCH_PATHS = (
					"$(inherited)",
					"@executable_path/../Frameworks",
				);
				PRODUCT_BUNDLE_IDENTIFIER = com.devinabbott.LogicDesigner;
				PRODUCT_NAME = "$(TARGET_NAME)";
				SWIFT_VERSION = 4.2;
			};
			name = Debug;
		};
		6B12C5F52218BD77005A808C /* Release */ = {
			isa = XCBuildConfiguration;
			buildSettings = {
				ASSETCATALOG_COMPILER_APPICON_NAME = AppIcon;
				CODE_SIGN_ENTITLEMENTS = LogicDesigner/LogicDesigner.entitlements;
				CODE_SIGN_STYLE = Automatic;
				COMBINE_HIDPI_IMAGES = YES;
				DEVELOPMENT_TEAM = CV2RHZWPY9;
				INFOPLIST_FILE = LogicDesigner/Info.plist;
				LD_RUNPATH_SEARCH_PATHS = (
					"$(inherited)",
					"@executable_path/../Frameworks",
				);
				PRODUCT_BUNDLE_IDENTIFIER = com.devinabbott.LogicDesigner;
				PRODUCT_NAME = "$(TARGET_NAME)";
				SWIFT_VERSION = 4.2;
			};
			name = Release;
		};
/* End XCBuildConfiguration section */

/* Begin XCConfigurationList section */
		6B12C5DB2218BD75005A808C /* Build configuration list for PBXProject "LogicDesigner" */ = {
			isa = XCConfigurationList;
			buildConfigurations = (
				6B12C5F12218BD77005A808C /* Debug */,
				6B12C5F22218BD77005A808C /* Release */,
			);
			defaultConfigurationIsVisible = 0;
			defaultConfigurationName = Release;
		};
		6B12C5F32218BD77005A808C /* Build configuration list for PBXNativeTarget "LogicDesigner" */ = {
			isa = XCConfigurationList;
			buildConfigurations = (
				6B12C5F42218BD77005A808C /* Debug */,
				6B12C5F52218BD77005A808C /* Release */,
			);
			defaultConfigurationIsVisible = 0;
			defaultConfigurationName = Release;
		};
/* End XCConfigurationList section */
	};
	rootObject = 6B12C5D82218BD75005A808C /* Project object */;
}
